PODS:
  - CocoaAsyncSocket (7.6.5)
  - Differentiator (5.0.0)
  - HandyJSON (5.0.2)
  - KeychainAccess (4.2.2)
  - LLNetworkAccessibility-Swift (1.0.3)
  - ObjcExceptionBridging (1.0.1):
    - ObjcExceptionBridging/ObjcExceptionBridging (= 1.0.1)
  - ObjcExceptionBridging/ObjcExceptionBridging (1.0.1)
  - Realm (10.45.2):
    - Realm/Headers (= 10.45.2)
  - Realm/Headers (10.45.2)
  - RealmSwift (10.45.2):
    - Realm (= 10.45.2)
  - RxCocoa (6.6.0):
    - RxRelay (= 6.6.0)
    - RxSwift (= 6.6.0)
  - RxDataSources (5.0.0):
    - Differentiator (~> 5.0)
    - RxCocoa (~> 6.0)
    - RxSwift (~> 6.0)
  - RxRelay (6.6.0):
    - RxSwift (= 6.6.0)
  - RxSwift (6.6.0)
  - SLKit (0.1.1):
    - CocoaAsyncSocket
    - HandyJSON
    - RxCocoa
    - RxSwift
    - XCGLogger
  - SnapKit (5.6.0)
  - Toast-Swift (5.1.0)
  - TZImagePickerController (3.8.4):
    - TZImagePickerController/Basic (= 3.8.4)
    - TZImagePickerController/Location (= 3.8.4)
  - TZImagePickerController/Basic (3.8.4)
  - TZImagePickerController/Location (3.8.4)
  - XCGLogger (7.0.1):
    - XCGLogger/Core (= 7.0.1)
  - XCGLogger/Core (7.0.1):
    - ObjcExceptionBridging

DEPENDENCIES:
  - CocoaAsyncSocket
  - HandyJSON
  - KeychainAccess
  - LLNetworkAccessibility-Swift
  - RealmSwift (~> 10)
  - RxCocoa
  - RxDataSources
  - RxSwift
  - SLKit (from `../`)
  - SnapKit
  - Toast-Swift
  - TZImagePickerController
  - XCGLogger

SPEC REPOS:
  trunk:
    - CocoaAsyncSocket
    - Differentiator
    - HandyJSON
    - KeychainAccess
    - LLNetworkAccessibility-Swift
    - ObjcExceptionBridging
    - Realm
    - RealmSwift
    - RxCocoa
    - RxDataSources
    - RxRelay
    - RxSwift
    - SnapKit
    - Toast-Swift
    - TZImagePickerController
    - XCGLogger

EXTERNAL SOURCES:
  SLKit:
    :path: "../"

SPEC CHECKSUMS:
  CocoaAsyncSocket: 065fd1e645c7abab64f7a6a2007a48038fdc6a99
  Differentiator: e8497ceab83c1b10ca233716d547b9af21b9344d
  HandyJSON: 9e4e236f5d2dbefad5155a77417bbea438201c03
  KeychainAccess: c0c4f7f38f6fc7bbe58f5702e25f7bd2f65abf51
  LLNetworkAccessibility-Swift: f9d237d2589f92eaa9baaa5351a1043e730c4773
  ObjcExceptionBridging: c30e00eb3700467e695faeea30e26e18bd445001
  Realm: bc4fc31783a0b3e355edca05f167f6a49c544dc2
  RealmSwift: 234003b5fdb187c4b439d478662636d62a1f9de0
  RxCocoa: 44a80de90e25b739b5aeaae3c8c371a32e3343cc
  RxDataSources: aa47cc1ed6c500fa0dfecac5c979b723542d79cf
  RxRelay: 45eaa5db8ee4fb50e5ebd57deec0159e97fa51e6
  RxSwift: a4b44f7d24599f674deebd1818eab82e58410632
  SLKit: e673ee93413f816e15f730d879cdce98e15d2085
  SnapKit: e01d52ebb8ddbc333eefe2132acf85c8227d9c25
  Toast-Swift: dd369e68ee529f542c65bd0d0c6c50cd743cf6f2
  TZImagePickerController: f1c9f1cae6ac0e30b31aaa9698f9bf4a7cf5b84f
  XCGLogger: 1943831ef907df55108b0b18657953f868de973b

PODFILE CHECKSUM: fada14bc77272f0c7808f9378aec2845509e8cdd

COCOAPODS: 1.13.0
