// !$*UTF8*$!
{
	archiveVersion = 1;
	classes = {
	};
	objectVersion = 46;
	objects = {

/* Begin PBXBuildFile section */
		29441C772B496931008C99DB /* SLFileTransferModel.m in Sources */ = {isa = PBXBuildFile; fileRef = 29441C6F2B496930008C99DB /* SLFileTransferModel.m */; };
		29441C782B496931008C99DB /* SLWaitSendFileModel.m in Sources */ = {isa = PBXBuildFile; fileRef = 29441C712B496930008C99DB /* SLWaitSendFileModel.m */; };
		29441C792B496931008C99DB /* SLLocalFileManger.m in Sources */ = {isa = PBXBuildFile; fileRef = 29441C732B496931008C99DB /* SLLocalFileManger.m */; };
		29441C7A2B496931008C99DB /* SLTransferManager.m in Sources */ = {isa = PBXBuildFile; fileRef = 29441C762B496931008C99DB /* SLTransferManager.m */; };
		29441C812B496A72008C99DB /* SLFileManager.m in Sources */ = {isa = PBXBuildFile; fileRef = 29441C7C2B496A72008C99DB /* SLFileManager.m */; };
		29441C822B496A72008C99DB /* SLLocalFileDBModel.m in Sources */ = {isa = PBXBuildFile; fileRef = 29441C802B496A72008C99DB /* SLLocalFileDBModel.m */; };
		29441C852B496A9E008C99DB /* SLFileModel.m in Sources */ = {isa = PBXBuildFile; fileRef = 29441C832B496A9E008C99DB /* SLFileModel.m */; };
		4B0EC3842B479F0C00E01BBE /* SCLEndReq.swift in Sources */ = {isa = PBXBuildFile; fileRef = 4B0EC3832B479F0C00E01BBE /* SCLEndReq.swift */; };
		4B0EC3882B47D02200E01BBE /* SCLSyncReq.swift in Sources */ = {isa = PBXBuildFile; fileRef = 4B0EC3872B47D02200E01BBE /* SCLSyncReq.swift */; };
		4B0EC38A2B47D9C000E01BBE /* SCLSyncResp.swift in Sources */ = {isa = PBXBuildFile; fileRef = 4B0EC3892B47D9C000E01BBE /* SCLSyncResp.swift */; };
		4B14ACA32B3AB34F00FD0F9A /* SCLSocketRequest.swift in Sources */ = {isa = PBXBuildFile; fileRef = 4B14ACA22B3AB34F00FD0F9A /* SCLSocketRequest.swift */; };
		4B14ACA52B3ABC7000FD0F9A /* SCLSocketResponse.swift in Sources */ = {isa = PBXBuildFile; fileRef = 4B14ACA42B3ABC7000FD0F9A /* SCLSocketResponse.swift */; };
		4B23D1EF2B330381008724E5 /* SCLGetAppPromptViewController.swift in Sources */ = {isa = PBXBuildFile; fileRef = 4B23D1ED2B330381008724E5 /* SCLGetAppPromptViewController.swift */; };
		4B23D1F02B330381008724E5 /* SCLGetAppPromptViewController.xib in Resources */ = {isa = PBXBuildFile; fileRef = 4B23D1EE2B330381008724E5 /* SCLGetAppPromptViewController.xib */; };
		4B23D1F32B3306D8008724E5 /* SCLRequestPermissionViewController.swift in Sources */ = {isa = PBXBuildFile; fileRef = 4B23D1F12B3306D8008724E5 /* SCLRequestPermissionViewController.swift */; };
		4B23D1F42B3306D8008724E5 /* SCLRequestPermissionViewController.xib in Resources */ = {isa = PBXBuildFile; fileRef = 4B23D1F22B3306D8008724E5 /* SCLRequestPermissionViewController.xib */; };
		4B23D1F72B330B5C008724E5 /* SCLWelcomeViewController.swift in Sources */ = {isa = PBXBuildFile; fileRef = 4B23D1F52B330B5C008724E5 /* SCLWelcomeViewController.swift */; };
		4B23D1F82B330B5C008724E5 /* SCLWelcomeViewController.xib in Resources */ = {isa = PBXBuildFile; fileRef = 4B23D1F62B330B5C008724E5 /* SCLWelcomeViewController.xib */; };
		4B2694ED2B30437400B116BA /* SCLSettingViewController.swift in Sources */ = {isa = PBXBuildFile; fileRef = 4B2694EC2B30437400B116BA /* SCLSettingViewController.swift */; };
		4B2694EF2B30448200B116BA /* SCLSettingCellModel.swift in Sources */ = {isa = PBXBuildFile; fileRef = 4B2694EE2B30448200B116BA /* SCLSettingCellModel.swift */; };
		4B2694F22B304BB500B116BA /* SCLSettingCell.swift in Sources */ = {isa = PBXBuildFile; fileRef = 4B2694F02B304BB400B116BA /* SCLSettingCell.swift */; };
		4B2694F32B304BB500B116BA /* SCLSettingCell.xib in Resources */ = {isa = PBXBuildFile; fileRef = 4B2694F12B304BB500B116BA /* SCLSettingCell.xib */; };
		4B2694F52B3060D800B116BA /* SCLSettingSectionBackgroundView.swift in Sources */ = {isa = PBXBuildFile; fileRef = 4B2694F42B3060D800B116BA /* SCLSettingSectionBackgroundView.swift */; };
		4B2694F72B31347400B116BA /* SCLBaseViewController.swift in Sources */ = {isa = PBXBuildFile; fileRef = 4B2694F62B31347400B116BA /* SCLBaseViewController.swift */; };
		4B2CA3822B2FD6A700D7F024 /* SCLHomeViewController.swift in Sources */ = {isa = PBXBuildFile; fileRef = 4B2CA3802B2FD6A700D7F024 /* SCLHomeViewController.swift */; };
		4B2CA3832B2FD6A700D7F024 /* SCLHomeViewController.xib in Resources */ = {isa = PBXBuildFile; fileRef = 4B2CA3812B2FD6A700D7F024 /* SCLHomeViewController.xib */; };
		4B2CA3862B301C6C00D7F024 /* SCLConnectionViewController.swift in Sources */ = {isa = PBXBuildFile; fileRef = 4B2CA3842B301C6C00D7F024 /* SCLConnectionViewController.swift */; };
		4B2CA3872B301C6C00D7F024 /* SCLConnectionViewController.xib in Resources */ = {isa = PBXBuildFile; fileRef = 4B2CA3852B301C6C00D7F024 /* SCLConnectionViewController.xib */; };
		4B2CA38E2B301DCA00D7F024 /* SCLDeviceViewController.swift in Sources */ = {isa = PBXBuildFile; fileRef = 4B2CA38C2B301DCA00D7F024 /* SCLDeviceViewController.swift */; };
		4B2CA38F2B301DCA00D7F024 /* SCLDeviceViewController.xib in Resources */ = {isa = PBXBuildFile; fileRef = 4B2CA38D2B301DCA00D7F024 /* SCLDeviceViewController.xib */; };
		4B2CA3972B302B5A00D7F024 /* SCLExtension.swift in Sources */ = {isa = PBXBuildFile; fileRef = 4B2CA3962B302B5A00D7F024 /* SCLExtension.swift */; };
		4B2E00162B394B8D00E2191E /* SCLFileHistoryViewController.swift in Sources */ = {isa = PBXBuildFile; fileRef = 4B2E00142B394B8D00E2191E /* SCLFileHistoryViewController.swift */; };
		4B2E00172B394B8D00E2191E /* SCLFileHistoryViewController.xib in Resources */ = {isa = PBXBuildFile; fileRef = 4B2E00152B394B8D00E2191E /* SCLFileHistoryViewController.xib */; };
		4B33D24A2B453CC4002B0C5B /* SCLHomeViewModel.swift in Sources */ = {isa = PBXBuildFile; fileRef = 4B33D2492B453CC4002B0C5B /* SCLHomeViewModel.swift */; };
		4B33D2502B4548E4002B0C5B /* SCLSocketLoginReq.swift in Sources */ = {isa = PBXBuildFile; fileRef = 4B33D24F2B4548E4002B0C5B /* SCLSocketLoginReq.swift */; };
		4B33D2522B454A40002B0C5B /* SCLSocketLoginResp.swift in Sources */ = {isa = PBXBuildFile; fileRef = 4B33D2512B454A40002B0C5B /* SCLSocketLoginResp.swift */; };
		4B33D2542B457106002B0C5B /* SCLScreenReq.swift in Sources */ = {isa = PBXBuildFile; fileRef = 4B33D2532B457106002B0C5B /* SCLScreenReq.swift */; };
		4B33D2562B45729E002B0C5B /* SCLInitReq.swift in Sources */ = {isa = PBXBuildFile; fileRef = 4B33D2552B45729E002B0C5B /* SCLInitReq.swift */; };
		4B33D2582B4575C5002B0C5B /* SCLScreenResp.swift in Sources */ = {isa = PBXBuildFile; fileRef = 4B33D2572B4575C5002B0C5B /* SCLScreenResp.swift */; };
		4B33D25A2B457901002B0C5B /* SCLInitResp.swift in Sources */ = {isa = PBXBuildFile; fileRef = 4B33D2592B457901002B0C5B /* SCLInitResp.swift */; };
		4B4290DD2B3812A3000EE7AD /* SCLPhonePickerAlertViewController.swift in Sources */ = {isa = PBXBuildFile; fileRef = 4B4290DB2B3812A3000EE7AD /* SCLPhonePickerAlertViewController.swift */; };
		4B4290DE2B3812A3000EE7AD /* SCLPhonePickerAlertViewController.xib in Resources */ = {isa = PBXBuildFile; fileRef = 4B4290DC2B3812A3000EE7AD /* SCLPhonePickerAlertViewController.xib */; };
		4B4290E12B38196E000EE7AD /* SCLPhonePickerCell.swift in Sources */ = {isa = PBXBuildFile; fileRef = 4B4290DF2B38196E000EE7AD /* SCLPhonePickerCell.swift */; };
		4B4290E22B38196E000EE7AD /* SCLPhonePickerCell.xib in Resources */ = {isa = PBXBuildFile; fileRef = 4B4290E02B38196E000EE7AD /* SCLPhonePickerCell.xib */; };
		4B4290E52B386083000EE7AD /* SCLPairViewController.swift in Sources */ = {isa = PBXBuildFile; fileRef = 4B4290E32B386083000EE7AD /* SCLPairViewController.swift */; };
		4B4290EA2B3874BF000EE7AD /* SCLAirPlayGuideViewController.swift in Sources */ = {isa = PBXBuildFile; fileRef = 4B4290E82B3874BF000EE7AD /* SCLAirPlayGuideViewController.swift */; };
		4B4290EB2B3874BF000EE7AD /* SCLAirPlayGuideViewController.xib in Resources */ = {isa = PBXBuildFile; fileRef = 4B4290E92B3874BF000EE7AD /* SCLAirPlayGuideViewController.xib */; };
		4B4AF9692B391255001C8214 /* SCLFileRecordViewController.swift in Sources */ = {isa = PBXBuildFile; fileRef = 4B4AF9682B391255001C8214 /* SCLFileRecordViewController.swift */; };
		4B4AF96C2B391459001C8214 /* SCLFileRecordCell.swift in Sources */ = {isa = PBXBuildFile; fileRef = 4B4AF96A2B391459001C8214 /* SCLFileRecordCell.swift */; };
		4B4AF96D2B391459001C8214 /* SCLFileRecordCell.xib in Resources */ = {isa = PBXBuildFile; fileRef = 4B4AF96B2B391459001C8214 /* SCLFileRecordCell.xib */; };
		4B6B9DCD2AF8AB0F00EEB598 /* TestViewController.swift in Sources */ = {isa = PBXBuildFile; fileRef = 4B6B9DCC2AF8AB0F00EEB598 /* TestViewController.swift */; };
		4B72F5CA2B45B3EC00074E28 /* SLFileIOModel.m in Sources */ = {isa = PBXBuildFile; fileRef = 4B72F5C52B45B3EC00074E28 /* SLFileIOModel.m */; };
		4B72F5CB2B45B3EC00074E28 /* SLFileTransferManager.mm in Sources */ = {isa = PBXBuildFile; fileRef = 4B72F5C62B45B3EC00074E28 /* SLFileTransferManager.mm */; };
		4B72F5CC2B45B3EC00074E28 /* SLFileTransferFileModel.mm in Sources */ = {isa = PBXBuildFile; fileRef = 4B72F5C72B45B3EC00074E28 /* SLFileTransferFileModel.mm */; };
		4B72F5CD2B45B3EC00074E28 /* libXTunnelFileTransfer.a in Frameworks */ = {isa = PBXBuildFile; fileRef = 4B72F5C92B45B3EC00074E28 /* libXTunnelFileTransfer.a */; };
		4B72F5D62B45BCC500074E28 /* NSString+Transition.mm in Sources */ = {isa = PBXBuildFile; fileRef = 4B72F5D52B45BCC500074E28 /* NSString+Transition.mm */; };
		4B72F5D92B45CBF300074E28 /* SLDevice.swift in Sources */ = {isa = PBXBuildFile; fileRef = 4B72F5D82B45CBF300074E28 /* SLDevice.swift */; };
		4B95D86E2B4919560049355C /* SCLSyncCalibrationStateResp.swift in Sources */ = {isa = PBXBuildFile; fileRef = 4B95D86D2B4919560049355C /* SCLSyncCalibrationStateResp.swift */; };
		4B95D8702B49221E0049355C /* SCLSyncMovePointReq.swift in Sources */ = {isa = PBXBuildFile; fileRef = 4B95D86F2B49221E0049355C /* SCLSyncMovePointReq.swift */; };
		4B95D8722B4923860049355C /* SCLSyncMovePointResp.swift in Sources */ = {isa = PBXBuildFile; fileRef = 4B95D8712B4923860049355C /* SCLSyncMovePointResp.swift */; };
		4B95D89B2B494FE40049355C /* SCLSyncAirplayStateReq.swift in Sources */ = {isa = PBXBuildFile; fileRef = 4B95D89A2B494FE40049355C /* SCLSyncAirplayStateReq.swift */; };
		4B95D89D2B4950470049355C /* SCLSyncAirplayStateResp.swift in Sources */ = {isa = PBXBuildFile; fileRef = 4B95D89C2B4950470049355C /* SCLSyncAirplayStateResp.swift */; };
		4B9996C72B20098E00F74D34 /* SLFreeStyleDevice.swift in Sources */ = {isa = PBXBuildFile; fileRef = 4B9996C62B20098E00F74D34 /* SLFreeStyleDevice.swift */; };
		4B9996CB2B204CFB00F74D34 /* SLVehicleDevice.swift in Sources */ = {isa = PBXBuildFile; fileRef = 4B9996CA2B204CFB00F74D34 /* SLVehicleDevice.swift */; };
		4B9996D12B21AA5A00F74D34 /* SLVehicleDeviceBuilder.swift in Sources */ = {isa = PBXBuildFile; fileRef = 4B9996D02B21AA5A00F74D34 /* SLVehicleDeviceBuilder.swift */; };
		4B9996D32B21AA9800F74D34 /* SLFreeStyleDeviceBuilder.swift in Sources */ = {isa = PBXBuildFile; fileRef = 4B9996D22B21AA9800F74D34 /* SLFreeStyleDeviceBuilder.swift */; };
		4BA6B0342B4ACBFC00D35F6A /* SCLTransferringCell.swift in Sources */ = {isa = PBXBuildFile; fileRef = 4BA6B0322B4ACBFC00D35F6A /* SCLTransferringCell.swift */; };
		4BA6B0352B4ACBFC00D35F6A /* SCLTransferringCell.xib in Resources */ = {isa = PBXBuildFile; fileRef = 4BA6B0332B4ACBFC00D35F6A /* SCLTransferringCell.xib */; };
		4BBA6A9B2B4988C100E207F5 /* silentAudio.m4a in Resources */ = {isa = PBXBuildFile; fileRef = 4BBA6A982B4988C100E207F5 /* silentAudio.m4a */; };
		4BBA6A9C2B4988C100E207F5 /* SLBLEBackgroundTask.swift in Sources */ = {isa = PBXBuildFile; fileRef = 4BBA6A992B4988C100E207F5 /* SLBLEBackgroundTask.swift */; };
		4BBA6A9D2B4988C100E207F5 /* SLBackgroundTask.swift in Sources */ = {isa = PBXBuildFile; fileRef = 4BBA6A9A2B4988C100E207F5 /* SLBackgroundTask.swift */; };
		4BBA6A9F2B498B3900E207F5 /* SLKeepAliveManager.swift in Sources */ = {isa = PBXBuildFile; fileRef = 4BBA6A9E2B498B3900E207F5 /* SLKeepAliveManager.swift */; };
		4BBA6AA12B49952C00E207F5 /* SLFilesViewController.swift in Sources */ = {isa = PBXBuildFile; fileRef = 4BBA6AA02B49952C00E207F5 /* SLFilesViewController.swift */; };
		4BBA6AA92B4996AF00E207F5 /* SLReceiveFileListView.swift in Sources */ = {isa = PBXBuildFile; fileRef = 4BBA6AA32B4996AF00E207F5 /* SLReceiveFileListView.swift */; };
		4BBA6AAA2B4996AF00E207F5 /* SLSendFileListView.swift in Sources */ = {isa = PBXBuildFile; fileRef = 4BBA6AA42B4996AF00E207F5 /* SLSendFileListView.swift */; };
		4BBA6AAB2B4996AF00E207F5 /* SLReceiveFileProgressView.swift in Sources */ = {isa = PBXBuildFile; fileRef = 4BBA6AA52B4996AF00E207F5 /* SLReceiveFileProgressView.swift */; };
		4BBA6AAC2B4996AF00E207F5 /* SLFileListTableViewCell.swift in Sources */ = {isa = PBXBuildFile; fileRef = 4BBA6AA72B4996AF00E207F5 /* SLFileListTableViewCell.swift */; };
		4BBA6AAD2B4996AF00E207F5 /* SLReceivingFileTableViewCell.swift in Sources */ = {isa = PBXBuildFile; fileRef = 4BBA6AA82B4996AF00E207F5 /* SLReceivingFileTableViewCell.swift */; };
		4BBA6AAF2B49986E00E207F5 /* SLFileOperateModel.swift in Sources */ = {isa = PBXBuildFile; fileRef = 4BBA6AAE2B49986E00E207F5 /* SLFileOperateModel.swift */; };
		4BBA6AB12B4A821B00E207F5 /* SLFileCentralManager.swift in Sources */ = {isa = PBXBuildFile; fileRef = 4BBA6AB02B4A821B00E207F5 /* SLFileCentralManager.swift */; };
		4BBA6AB62B4A946500E207F5 /* FileDecisionViewController.swift in Sources */ = {isa = PBXBuildFile; fileRef = 4BBA6AB42B4A946500E207F5 /* FileDecisionViewController.swift */; };
		4BBA6AB72B4A946500E207F5 /* FileDecisionViewController.xib in Resources */ = {isa = PBXBuildFile; fileRef = 4BBA6AB52B4A946500E207F5 /* FileDecisionViewController.xib */; };
		4BC2DFAE2B48E81D00F82972 /* SLAdjustingViewController.swift in Sources */ = {isa = PBXBuildFile; fileRef = 4BC2DFAD2B48E81D00F82972 /* SLAdjustingViewController.swift */; };
		4BC2DFB12B48EBF700F82972 /* SCLAlertViewController.swift in Sources */ = {isa = PBXBuildFile; fileRef = 4BC2DFB02B48EBF700F82972 /* SCLAlertViewController.swift */; };
		4BC2DFB32B48EE8000F82972 /* SCLSyncCalibrationStateReq.swift in Sources */ = {isa = PBXBuildFile; fileRef = 4BC2DFB22B48EE8000F82972 /* SCLSyncCalibrationStateReq.swift */; };
		4BC2DFB72B48FA5A00F82972 /* SCLUploadCalibrationDataReq.swift in Sources */ = {isa = PBXBuildFile; fileRef = 4BC2DFB62B48FA5A00F82972 /* SCLUploadCalibrationDataReq.swift */; };
		4BC2DFB92B48FB9F00F82972 /* SCLUploadCalibrationDataResp.swift in Sources */ = {isa = PBXBuildFile; fileRef = 4BC2DFB82B48FB9F00F82972 /* SCLUploadCalibrationDataResp.swift */; };
		4BCE34082B3441CB00E14D40 /* SCLUtil.swift in Sources */ = {isa = PBXBuildFile; fileRef = 4BCE34072B3441CB00E14D40 /* SCLUtil.swift */; };
		4BCE340A2B34436C00E14D40 /* SCLQRResult.swift in Sources */ = {isa = PBXBuildFile; fileRef = 4BCE34092B34436C00E14D40 /* SCLQRResult.swift */; };
		4BCEEA932B3D068D003C036A /* SCLReconnectViewController.swift in Sources */ = {isa = PBXBuildFile; fileRef = 4BCEEA922B3D068D003C036A /* SCLReconnectViewController.swift */; };
		4BCEEA952B3D808E003C036A /* SCLPairVerificationReq.swift in Sources */ = {isa = PBXBuildFile; fileRef = 4BCEEA942B3D808E003C036A /* SCLPairVerificationReq.swift */; };
		4BDE22E42B31407600D1A50C /* SCLPairGuideViewController.swift in Sources */ = {isa = PBXBuildFile; fileRef = 4BDE22E22B31407600D1A50C /* SCLPairGuideViewController.swift */; };
		4BDE22E52B31407600D1A50C /* SCLPairGuideViewController.xib in Resources */ = {isa = PBXBuildFile; fileRef = 4BDE22E32B31407600D1A50C /* SCLPairGuideViewController.xib */; };
		4BDE22EE2B31B1AE00D1A50C /* SCLPrivacyPolicyViewController.swift in Sources */ = {isa = PBXBuildFile; fileRef = 4BDE22EC2B31B1AE00D1A50C /* SCLPrivacyPolicyViewController.swift */; };
		4BDE22EF2B31B1AE00D1A50C /* SCLPrivacyPolicyViewController.xib in Resources */ = {isa = PBXBuildFile; fileRef = 4BDE22ED2B31B1AE00D1A50C /* SCLPrivacyPolicyViewController.xib */; };
		4BDE22F12B328C4000D1A50C /* SLWebViewController.swift in Sources */ = {isa = PBXBuildFile; fileRef = 4BDE22F02B328C4000D1A50C /* SLWebViewController.swift */; };
		4BE13FEF2B4819CF00606BE6 /* SCLSyncPairReq.swift in Sources */ = {isa = PBXBuildFile; fileRef = 4BE13FEE2B4819CF00606BE6 /* SCLSyncPairReq.swift */; };
		4BE13FF92B4826AC00606BE6 /* Localizable.strings in Resources */ = {isa = PBXBuildFile; fileRef = 4BE13FFB2B4826AC00606BE6 /* Localizable.strings */; };
		4BE1400B2B48271C00606BE6 /* SLAdjustingTimeoutViewController.swift in Sources */ = {isa = PBXBuildFile; fileRef = 4BE13FFF2B48271C00606BE6 /* SLAdjustingTimeoutViewController.swift */; };
		4BE1400C2B48271C00606BE6 /* SLAdjustingSensitivityBigHintViewController.swift in Sources */ = {isa = PBXBuildFile; fileRef = 4BE140002B48271C00606BE6 /* SLAdjustingSensitivityBigHintViewController.swift */; };
		4BE1400E2B48271C00606BE6 /* SLAdustingControlAnimationView.swift in Sources */ = {isa = PBXBuildFile; fileRef = 4BE140032B48271C00606BE6 /* SLAdustingControlAnimationView.swift */; };
		4BE1400F2B48271C00606BE6 /* SLAdjustingView.swift in Sources */ = {isa = PBXBuildFile; fileRef = 4BE140042B48271C00606BE6 /* SLAdjustingView.swift */; };
		4BE140102B48271C00606BE6 /* SLAdjustingManager.swift in Sources */ = {isa = PBXBuildFile; fileRef = 4BE140052B48271C00606BE6 /* SLAdjustingManager.swift */; };
		4BE140112B48271C00606BE6 /* SLAdjustingImageView.swift in Sources */ = {isa = PBXBuildFile; fileRef = 4BE140072B48271C00606BE6 /* SLAdjustingImageView.swift */; };
		4BE140122B48271C00606BE6 /* SLAdjustingSortView.swift in Sources */ = {isa = PBXBuildFile; fileRef = 4BE140082B48271C00606BE6 /* SLAdjustingSortView.swift */; };
		4BE140132B48271C00606BE6 /* SLAdjustingOpenTouchView.swift in Sources */ = {isa = PBXBuildFile; fileRef = 4BE140092B48271C00606BE6 /* SLAdjustingOpenTouchView.swift */; };
		4BE140142B48271C00606BE6 /* SLAdjustingBackgroundView.swift in Sources */ = {isa = PBXBuildFile; fileRef = 4BE1400A2B48271C00606BE6 /* SLAdjustingBackgroundView.swift */; };
		4BE1FA9F2B2B0CC100F7A4B1 /* StringExtension.swift in Sources */ = {isa = PBXBuildFile; fileRef = 4BE1FA9E2B2B0CC100F7A4B1 /* StringExtension.swift */; };
		4BE3B94D2B3BF46F00C48A71 /* SCLDBManager.swift in Sources */ = {isa = PBXBuildFile; fileRef = 4BE3B94C2B3BF46F00C48A71 /* SCLDBManager.swift */; };
		4BE3B9512B3C320F00C48A71 /* SCLGetPairedDeviceResp.swift in Sources */ = {isa = PBXBuildFile; fileRef = 4BE3B9502B3C320F00C48A71 /* SCLGetPairedDeviceResp.swift */; };
		607FACD61AFB9204008FA782 /* AppDelegate.swift in Sources */ = {isa = PBXBuildFile; fileRef = 607FACD51AFB9204008FA782 /* AppDelegate.swift */; };
		607FACDB1AFB9204008FA782 /* Main.storyboard in Resources */ = {isa = PBXBuildFile; fileRef = 607FACD91AFB9204008FA782 /* Main.storyboard */; };
		607FACDD1AFB9204008FA782 /* Images.xcassets in Resources */ = {isa = PBXBuildFile; fileRef = 607FACDC1AFB9204008FA782 /* Images.xcassets */; };
		607FACE01AFB9204008FA782 /* LaunchScreen.xib in Resources */ = {isa = PBXBuildFile; fileRef = 607FACDE1AFB9204008FA782 /* LaunchScreen.xib */; };
		607FACEC1AFB9204008FA782 /* Tests.swift in Sources */ = {isa = PBXBuildFile; fileRef = 607FACEB1AFB9204008FA782 /* Tests.swift */; };
		B039E0A6849D89685F8353C4 /* Pods_SLKit_Example.framework in Frameworks */ = {isa = PBXBuildFile; fileRef = D1DF08CC95BD52C465253FD2 /* Pods_SLKit_Example.framework */; };
		DBFB790359E337094CBB01C5 /* Pods_SLKit_Tests.framework in Frameworks */ = {isa = PBXBuildFile; fileRef = 18CE967A18D972234CC35A2A /* Pods_SLKit_Tests.framework */; };
/* End PBXBuildFile section */

/* Begin PBXContainerItemProxy section */
		607FACE61AFB9204008FA782 /* PBXContainerItemProxy */ = {
			isa = PBXContainerItemProxy;
			containerPortal = 607FACC81AFB9204008FA782 /* Project object */;
			proxyType = 1;
			remoteGlobalIDString = 607FACCF1AFB9204008FA782;
			remoteInfo = SLKit;
		};
/* End PBXContainerItemProxy section */

/* Begin PBXFileReference section */
		077DEFF2690EF5300F2D240F /* Pods-SLKit_Example.release.xcconfig */ = {isa = PBXFileReference; includeInIndex = 1; lastKnownFileType = text.xcconfig; name = "Pods-SLKit_Example.release.xcconfig"; path = "Target Support Files/Pods-SLKit_Example/Pods-SLKit_Example.release.xcconfig"; sourceTree = "<group>"; };
		0EAC628545CAA7CE11A3FDBE /* README.md */ = {isa = PBXFileReference; includeInIndex = 1; lastKnownFileType = net.daringfireball.markdown; name = README.md; path = ../README.md; sourceTree = "<group>"; };
		15B067252E1A253BE7E7AFE1 /* Pods-SLKit_Example.debug.xcconfig */ = {isa = PBXFileReference; includeInIndex = 1; lastKnownFileType = text.xcconfig; name = "Pods-SLKit_Example.debug.xcconfig"; path = "Target Support Files/Pods-SLKit_Example/Pods-SLKit_Example.debug.xcconfig"; sourceTree = "<group>"; };
		18CE967A18D972234CC35A2A /* Pods_SLKit_Tests.framework */ = {isa = PBXFileReference; explicitFileType = wrapper.framework; includeInIndex = 0; path = Pods_SLKit_Tests.framework; sourceTree = BUILT_PRODUCTS_DIR; };
		29441C6E2B496930008C99DB /* SLWaitSendFileModel.h */ = {isa = PBXFileReference; fileEncoding = 4; lastKnownFileType = sourcecode.c.h; path = SLWaitSendFileModel.h; sourceTree = "<group>"; };
		29441C6F2B496930008C99DB /* SLFileTransferModel.m */ = {isa = PBXFileReference; fileEncoding = 4; lastKnownFileType = sourcecode.c.objc; path = SLFileTransferModel.m; sourceTree = "<group>"; };
		29441C702B496930008C99DB /* SLTransferManager.h */ = {isa = PBXFileReference; fileEncoding = 4; lastKnownFileType = sourcecode.c.h; path = SLTransferManager.h; sourceTree = "<group>"; };
		29441C712B496930008C99DB /* SLWaitSendFileModel.m */ = {isa = PBXFileReference; fileEncoding = 4; lastKnownFileType = sourcecode.c.objc; path = SLWaitSendFileModel.m; sourceTree = "<group>"; };
		29441C722B496931008C99DB /* SLHeader.h */ = {isa = PBXFileReference; fileEncoding = 4; lastKnownFileType = sourcecode.c.h; path = SLHeader.h; sourceTree = "<group>"; };
		29441C732B496931008C99DB /* SLLocalFileManger.m */ = {isa = PBXFileReference; fileEncoding = 4; lastKnownFileType = sourcecode.c.objc; path = SLLocalFileManger.m; sourceTree = "<group>"; };
		29441C742B496931008C99DB /* SLLocalFileManger.h */ = {isa = PBXFileReference; fileEncoding = 4; lastKnownFileType = sourcecode.c.h; path = SLLocalFileManger.h; sourceTree = "<group>"; };
		29441C752B496931008C99DB /* SLFileTransferModel.h */ = {isa = PBXFileReference; fileEncoding = 4; lastKnownFileType = sourcecode.c.h; path = SLFileTransferModel.h; sourceTree = "<group>"; };
		29441C762B496931008C99DB /* SLTransferManager.m */ = {isa = PBXFileReference; fileEncoding = 4; lastKnownFileType = sourcecode.c.objc; path = SLTransferManager.m; sourceTree = "<group>"; };
		29441C7C2B496A72008C99DB /* SLFileManager.m */ = {isa = PBXFileReference; fileEncoding = 4; lastKnownFileType = sourcecode.c.objc; path = SLFileManager.m; sourceTree = "<group>"; };
		29441C7D2B496A72008C99DB /* SLFileManager.h */ = {isa = PBXFileReference; fileEncoding = 4; lastKnownFileType = sourcecode.c.h; path = SLFileManager.h; sourceTree = "<group>"; };
		29441C7F2B496A72008C99DB /* SLLocalFileDBModel.h */ = {isa = PBXFileReference; fileEncoding = 4; lastKnownFileType = sourcecode.c.h; path = SLLocalFileDBModel.h; sourceTree = "<group>"; };
		29441C802B496A72008C99DB /* SLLocalFileDBModel.m */ = {isa = PBXFileReference; fileEncoding = 4; lastKnownFileType = sourcecode.c.objc; path = SLLocalFileDBModel.m; sourceTree = "<group>"; };
		29441C832B496A9E008C99DB /* SLFileModel.m */ = {isa = PBXFileReference; fileEncoding = 4; lastKnownFileType = sourcecode.c.objc; path = SLFileModel.m; sourceTree = "<group>"; };
		29441C842B496A9E008C99DB /* SLFileModel.h */ = {isa = PBXFileReference; fileEncoding = 4; lastKnownFileType = sourcecode.c.h; path = SLFileModel.h; sourceTree = "<group>"; };
		4B0EC3832B479F0C00E01BBE /* SCLEndReq.swift */ = {isa = PBXFileReference; lastKnownFileType = sourcecode.swift; path = SCLEndReq.swift; sourceTree = "<group>"; };
		4B0EC3872B47D02200E01BBE /* SCLSyncReq.swift */ = {isa = PBXFileReference; lastKnownFileType = sourcecode.swift; path = SCLSyncReq.swift; sourceTree = "<group>"; };
		4B0EC3892B47D9C000E01BBE /* SCLSyncResp.swift */ = {isa = PBXFileReference; lastKnownFileType = sourcecode.swift; path = SCLSyncResp.swift; sourceTree = "<group>"; };
		4B14ACA22B3AB34F00FD0F9A /* SCLSocketRequest.swift */ = {isa = PBXFileReference; lastKnownFileType = sourcecode.swift; path = SCLSocketRequest.swift; sourceTree = "<group>"; };
		4B14ACA42B3ABC7000FD0F9A /* SCLSocketResponse.swift */ = {isa = PBXFileReference; lastKnownFileType = sourcecode.swift; path = SCLSocketResponse.swift; sourceTree = "<group>"; };
		4B23D1ED2B330381008724E5 /* SCLGetAppPromptViewController.swift */ = {isa = PBXFileReference; lastKnownFileType = sourcecode.swift; path = SCLGetAppPromptViewController.swift; sourceTree = "<group>"; };
		4B23D1EE2B330381008724E5 /* SCLGetAppPromptViewController.xib */ = {isa = PBXFileReference; lastKnownFileType = file.xib; path = SCLGetAppPromptViewController.xib; sourceTree = "<group>"; };
		4B23D1F12B3306D8008724E5 /* SCLRequestPermissionViewController.swift */ = {isa = PBXFileReference; lastKnownFileType = sourcecode.swift; path = SCLRequestPermissionViewController.swift; sourceTree = "<group>"; };
		4B23D1F22B3306D8008724E5 /* SCLRequestPermissionViewController.xib */ = {isa = PBXFileReference; lastKnownFileType = file.xib; path = SCLRequestPermissionViewController.xib; sourceTree = "<group>"; };
		4B23D1F52B330B5C008724E5 /* SCLWelcomeViewController.swift */ = {isa = PBXFileReference; lastKnownFileType = sourcecode.swift; path = SCLWelcomeViewController.swift; sourceTree = "<group>"; };
		4B23D1F62B330B5C008724E5 /* SCLWelcomeViewController.xib */ = {isa = PBXFileReference; lastKnownFileType = file.xib; path = SCLWelcomeViewController.xib; sourceTree = "<group>"; };
		4B2694EC2B30437400B116BA /* SCLSettingViewController.swift */ = {isa = PBXFileReference; lastKnownFileType = sourcecode.swift; path = SCLSettingViewController.swift; sourceTree = "<group>"; };
		4B2694EE2B30448200B116BA /* SCLSettingCellModel.swift */ = {isa = PBXFileReference; lastKnownFileType = sourcecode.swift; path = SCLSettingCellModel.swift; sourceTree = "<group>"; };
		4B2694F02B304BB400B116BA /* SCLSettingCell.swift */ = {isa = PBXFileReference; lastKnownFileType = sourcecode.swift; path = SCLSettingCell.swift; sourceTree = "<group>"; };
		4B2694F12B304BB500B116BA /* SCLSettingCell.xib */ = {isa = PBXFileReference; lastKnownFileType = file.xib; path = SCLSettingCell.xib; sourceTree = "<group>"; };
		4B2694F42B3060D800B116BA /* SCLSettingSectionBackgroundView.swift */ = {isa = PBXFileReference; lastKnownFileType = sourcecode.swift; path = SCLSettingSectionBackgroundView.swift; sourceTree = "<group>"; };
		4B2694F62B31347400B116BA /* SCLBaseViewController.swift */ = {isa = PBXFileReference; lastKnownFileType = sourcecode.swift; path = SCLBaseViewController.swift; sourceTree = "<group>"; };
		4B2CA3802B2FD6A700D7F024 /* SCLHomeViewController.swift */ = {isa = PBXFileReference; lastKnownFileType = sourcecode.swift; path = SCLHomeViewController.swift; sourceTree = "<group>"; };
		4B2CA3812B2FD6A700D7F024 /* SCLHomeViewController.xib */ = {isa = PBXFileReference; lastKnownFileType = file.xib; path = SCLHomeViewController.xib; sourceTree = "<group>"; };
		4B2CA3842B301C6C00D7F024 /* SCLConnectionViewController.swift */ = {isa = PBXFileReference; lastKnownFileType = sourcecode.swift; path = SCLConnectionViewController.swift; sourceTree = "<group>"; };
		4B2CA3852B301C6C00D7F024 /* SCLConnectionViewController.xib */ = {isa = PBXFileReference; lastKnownFileType = file.xib; path = SCLConnectionViewController.xib; sourceTree = "<group>"; };
		4B2CA38C2B301DCA00D7F024 /* SCLDeviceViewController.swift */ = {isa = PBXFileReference; lastKnownFileType = sourcecode.swift; path = SCLDeviceViewController.swift; sourceTree = "<group>"; };
		4B2CA38D2B301DCA00D7F024 /* SCLDeviceViewController.xib */ = {isa = PBXFileReference; lastKnownFileType = file.xib; path = SCLDeviceViewController.xib; sourceTree = "<group>"; };
		4B2CA3962B302B5A00D7F024 /* SCLExtension.swift */ = {isa = PBXFileReference; lastKnownFileType = sourcecode.swift; path = SCLExtension.swift; sourceTree = "<group>"; };
		4B2E00142B394B8D00E2191E /* SCLFileHistoryViewController.swift */ = {isa = PBXFileReference; lastKnownFileType = sourcecode.swift; path = SCLFileHistoryViewController.swift; sourceTree = "<group>"; };
		4B2E00152B394B8D00E2191E /* SCLFileHistoryViewController.xib */ = {isa = PBXFileReference; lastKnownFileType = file.xib; path = SCLFileHistoryViewController.xib; sourceTree = "<group>"; };
		4B33D2492B453CC4002B0C5B /* SCLHomeViewModel.swift */ = {isa = PBXFileReference; lastKnownFileType = sourcecode.swift; path = SCLHomeViewModel.swift; sourceTree = "<group>"; };
		4B33D24F2B4548E4002B0C5B /* SCLSocketLoginReq.swift */ = {isa = PBXFileReference; lastKnownFileType = sourcecode.swift; path = SCLSocketLoginReq.swift; sourceTree = "<group>"; };
		4B33D2512B454A40002B0C5B /* SCLSocketLoginResp.swift */ = {isa = PBXFileReference; lastKnownFileType = sourcecode.swift; path = SCLSocketLoginResp.swift; sourceTree = "<group>"; };
		4B33D2532B457106002B0C5B /* SCLScreenReq.swift */ = {isa = PBXFileReference; lastKnownFileType = sourcecode.swift; path = SCLScreenReq.swift; sourceTree = "<group>"; };
		4B33D2552B45729E002B0C5B /* SCLInitReq.swift */ = {isa = PBXFileReference; lastKnownFileType = sourcecode.swift; path = SCLInitReq.swift; sourceTree = "<group>"; };
		4B33D2572B4575C5002B0C5B /* SCLScreenResp.swift */ = {isa = PBXFileReference; lastKnownFileType = sourcecode.swift; path = SCLScreenResp.swift; sourceTree = "<group>"; };
		4B33D2592B457901002B0C5B /* SCLInitResp.swift */ = {isa = PBXFileReference; lastKnownFileType = sourcecode.swift; path = SCLInitResp.swift; sourceTree = "<group>"; };
		4B4290DB2B3812A3000EE7AD /* SCLPhonePickerAlertViewController.swift */ = {isa = PBXFileReference; lastKnownFileType = sourcecode.swift; path = SCLPhonePickerAlertViewController.swift; sourceTree = "<group>"; };
		4B4290DC2B3812A3000EE7AD /* SCLPhonePickerAlertViewController.xib */ = {isa = PBXFileReference; lastKnownFileType = file.xib; path = SCLPhonePickerAlertViewController.xib; sourceTree = "<group>"; };
		4B4290DF2B38196E000EE7AD /* SCLPhonePickerCell.swift */ = {isa = PBXFileReference; lastKnownFileType = sourcecode.swift; path = SCLPhonePickerCell.swift; sourceTree = "<group>"; };
		4B4290E02B38196E000EE7AD /* SCLPhonePickerCell.xib */ = {isa = PBXFileReference; lastKnownFileType = file.xib; path = SCLPhonePickerCell.xib; sourceTree = "<group>"; };
		4B4290E32B386083000EE7AD /* SCLPairViewController.swift */ = {isa = PBXFileReference; lastKnownFileType = sourcecode.swift; path = SCLPairViewController.swift; sourceTree = "<group>"; };
		4B4290E82B3874BF000EE7AD /* SCLAirPlayGuideViewController.swift */ = {isa = PBXFileReference; lastKnownFileType = sourcecode.swift; path = SCLAirPlayGuideViewController.swift; sourceTree = "<group>"; };
		4B4290E92B3874BF000EE7AD /* SCLAirPlayGuideViewController.xib */ = {isa = PBXFileReference; lastKnownFileType = file.xib; path = SCLAirPlayGuideViewController.xib; sourceTree = "<group>"; };
		4B4AF9682B391255001C8214 /* SCLFileRecordViewController.swift */ = {isa = PBXFileReference; lastKnownFileType = sourcecode.swift; path = SCLFileRecordViewController.swift; sourceTree = "<group>"; };
		4B4AF96A2B391459001C8214 /* SCLFileRecordCell.swift */ = {isa = PBXFileReference; lastKnownFileType = sourcecode.swift; path = SCLFileRecordCell.swift; sourceTree = "<group>"; };
		4B4AF96B2B391459001C8214 /* SCLFileRecordCell.xib */ = {isa = PBXFileReference; lastKnownFileType = file.xib; path = SCLFileRecordCell.xib; sourceTree = "<group>"; };
		4B6B9DCC2AF8AB0F00EEB598 /* TestViewController.swift */ = {isa = PBXFileReference; lastKnownFileType = sourcecode.swift; path = TestViewController.swift; sourceTree = "<group>"; };
		4B72F5A82B45B3EC00074E28 /* SLFileIOModel.h */ = {isa = PBXFileReference; fileEncoding = 4; lastKnownFileType = sourcecode.c.h; path = SLFileIOModel.h; sourceTree = "<group>"; };
		4B72F5A92B45B3EC00074E28 /* SLFileTransferManager.h */ = {isa = PBXFileReference; fileEncoding = 4; lastKnownFileType = sourcecode.c.h; path = SLFileTransferManager.h; sourceTree = "<group>"; };
		4B72F5AE2B45B3EC00074E28 /* json-forwards.h */ = {isa = PBXFileReference; fileEncoding = 4; lastKnownFileType = sourcecode.c.h; path = "json-forwards.h"; sourceTree = "<group>"; };
		4B72F5AF2B45B3EC00074E28 /* json.h */ = {isa = PBXFileReference; fileEncoding = 4; lastKnownFileType = sourcecode.c.h; path = json.h; sourceTree = "<group>"; };
		4B72F5B12B45B3EC00074E28 /* TCPServer.h */ = {isa = PBXFileReference; fileEncoding = 4; lastKnownFileType = sourcecode.c.h; path = TCPServer.h; sourceTree = "<group>"; };
		4B72F5B22B45B3EC00074E28 /* ServerHelper.h */ = {isa = PBXFileReference; fileEncoding = 4; lastKnownFileType = sourcecode.c.h; path = ServerHelper.h; sourceTree = "<group>"; };
		4B72F5B32B45B3EC00074E28 /* ClientHelper.h */ = {isa = PBXFileReference; fileEncoding = 4; lastKnownFileType = sourcecode.c.h; path = ClientHelper.h; sourceTree = "<group>"; };
		4B72F5B42B45B3EC00074E28 /* Socket.h */ = {isa = PBXFileReference; fileEncoding = 4; lastKnownFileType = sourcecode.c.h; path = Socket.h; sourceTree = "<group>"; };
		4B72F5B52B45B3EC00074E28 /* TCPClient.h */ = {isa = PBXFileReference; fileEncoding = 4; lastKnownFileType = sourcecode.c.h; path = TCPClient.h; sourceTree = "<group>"; };
		4B72F5B72B45B3EC00074E28 /* base64.h */ = {isa = PBXFileReference; fileEncoding = 4; lastKnownFileType = sourcecode.c.h; path = base64.h; sourceTree = "<group>"; };
		4B72F5B82B45B3EC00074E28 /* MD5.h */ = {isa = PBXFileReference; fileEncoding = 4; lastKnownFileType = sourcecode.c.h; path = MD5.h; sourceTree = "<group>"; };
		4B72F5B92B45B3EC00074E28 /* tools.h */ = {isa = PBXFileReference; fileEncoding = 4; lastKnownFileType = sourcecode.c.h; path = tools.h; sourceTree = "<group>"; };
		4B72F5BA2B45B3EC00074E28 /* SimperSafeMap.h */ = {isa = PBXFileReference; fileEncoding = 4; lastKnownFileType = sourcecode.c.h; path = SimperSafeMap.h; sourceTree = "<group>"; };
		4B72F5BB2B45B3EC00074E28 /* ping.h */ = {isa = PBXFileReference; fileEncoding = 4; lastKnownFileType = sourcecode.c.h; path = ping.h; sourceTree = "<group>"; };
		4B72F5BD2B45B3EC00074E28 /* JsonHelper.h */ = {isa = PBXFileReference; fileEncoding = 4; lastKnownFileType = sourcecode.c.h; path = JsonHelper.h; sourceTree = "<group>"; };
		4B72F5BE2B45B3EC00074E28 /* SubTask_Sender.h */ = {isa = PBXFileReference; fileEncoding = 4; lastKnownFileType = sourcecode.c.h; path = SubTask_Sender.h; sourceTree = "<group>"; };
		4B72F5BF2B45B3EC00074E28 /* FileTransferSenderTaskProcess.h */ = {isa = PBXFileReference; fileEncoding = 4; lastKnownFileType = sourcecode.c.h; path = FileTransferSenderTaskProcess.h; sourceTree = "<group>"; };
		4B72F5C02B45B3EC00074E28 /* FileTransferModel.h */ = {isa = PBXFileReference; fileEncoding = 4; lastKnownFileType = sourcecode.c.h; path = FileTransferModel.h; sourceTree = "<group>"; };
		4B72F5C12B45B3EC00074E28 /* FileTransferReceiverTaskProcess.h */ = {isa = PBXFileReference; fileEncoding = 4; lastKnownFileType = sourcecode.c.h; path = FileTransferReceiverTaskProcess.h; sourceTree = "<group>"; };
		4B72F5C22B45B3EC00074E28 /* SubTask_Receive.h */ = {isa = PBXFileReference; fileEncoding = 4; lastKnownFileType = sourcecode.c.h; path = SubTask_Receive.h; sourceTree = "<group>"; };
		4B72F5C32B45B3EC00074E28 /* FileTransfer.h */ = {isa = PBXFileReference; fileEncoding = 4; lastKnownFileType = sourcecode.c.h; path = FileTransfer.h; sourceTree = "<group>"; };
		4B72F5C42B45B3EC00074E28 /* ReceiveFileInfoUnit.h */ = {isa = PBXFileReference; fileEncoding = 4; lastKnownFileType = sourcecode.c.h; path = ReceiveFileInfoUnit.h; sourceTree = "<group>"; };
		4B72F5C52B45B3EC00074E28 /* SLFileIOModel.m */ = {isa = PBXFileReference; fileEncoding = 4; lastKnownFileType = sourcecode.c.objc; path = SLFileIOModel.m; sourceTree = "<group>"; };
		4B72F5C62B45B3EC00074E28 /* SLFileTransferManager.mm */ = {isa = PBXFileReference; fileEncoding = 4; lastKnownFileType = sourcecode.cpp.objcpp; path = SLFileTransferManager.mm; sourceTree = "<group>"; };
		4B72F5C72B45B3EC00074E28 /* SLFileTransferFileModel.mm */ = {isa = PBXFileReference; fileEncoding = 4; lastKnownFileType = sourcecode.cpp.objcpp; path = SLFileTransferFileModel.mm; sourceTree = "<group>"; };
		4B72F5C82B45B3EC00074E28 /* SLFileTransferFileModel.h */ = {isa = PBXFileReference; fileEncoding = 4; lastKnownFileType = sourcecode.c.h; path = SLFileTransferFileModel.h; sourceTree = "<group>"; };
		4B72F5C92B45B3EC00074E28 /* libXTunnelFileTransfer.a */ = {isa = PBXFileReference; lastKnownFileType = archive.ar; path = libXTunnelFileTransfer.a; sourceTree = "<group>"; };
		4B72F5D12B45B47C00074E28 /* SLKit-Bridging-Header.h */ = {isa = PBXFileReference; lastKnownFileType = sourcecode.c.h; path = "SLKit-Bridging-Header.h"; sourceTree = "<group>"; };
		4B72F5D42B45BCC500074E28 /* NSString+Transition.h */ = {isa = PBXFileReference; fileEncoding = 4; lastKnownFileType = sourcecode.c.h; path = "NSString+Transition.h"; sourceTree = "<group>"; };
		4B72F5D52B45BCC500074E28 /* NSString+Transition.mm */ = {isa = PBXFileReference; fileEncoding = 4; lastKnownFileType = sourcecode.cpp.objcpp; path = "NSString+Transition.mm"; sourceTree = "<group>"; };
		4B72F5D82B45CBF300074E28 /* SLDevice.swift */ = {isa = PBXFileReference; lastKnownFileType = sourcecode.swift; path = SLDevice.swift; sourceTree = "<group>"; };
		4B95D86D2B4919560049355C /* SCLSyncCalibrationStateResp.swift */ = {isa = PBXFileReference; lastKnownFileType = sourcecode.swift; path = SCLSyncCalibrationStateResp.swift; sourceTree = "<group>"; };
		4B95D86F2B49221E0049355C /* SCLSyncMovePointReq.swift */ = {isa = PBXFileReference; lastKnownFileType = sourcecode.swift; path = SCLSyncMovePointReq.swift; sourceTree = "<group>"; };
		4B95D8712B4923860049355C /* SCLSyncMovePointResp.swift */ = {isa = PBXFileReference; lastKnownFileType = sourcecode.swift; path = SCLSyncMovePointResp.swift; sourceTree = "<group>"; };
		4B95D89A2B494FE40049355C /* SCLSyncAirplayStateReq.swift */ = {isa = PBXFileReference; lastKnownFileType = sourcecode.swift; path = SCLSyncAirplayStateReq.swift; sourceTree = "<group>"; };
		4B95D89C2B4950470049355C /* SCLSyncAirplayStateResp.swift */ = {isa = PBXFileReference; lastKnownFileType = sourcecode.swift; path = SCLSyncAirplayStateResp.swift; sourceTree = "<group>"; };
		4B9996C62B20098E00F74D34 /* SLFreeStyleDevice.swift */ = {isa = PBXFileReference; fileEncoding = 4; lastKnownFileType = sourcecode.swift; path = SLFreeStyleDevice.swift; sourceTree = "<group>"; };
		4B9996CA2B204CFB00F74D34 /* SLVehicleDevice.swift */ = {isa = PBXFileReference; lastKnownFileType = sourcecode.swift; path = SLVehicleDevice.swift; sourceTree = "<group>"; };
		4B9996D02B21AA5A00F74D34 /* SLVehicleDeviceBuilder.swift */ = {isa = PBXFileReference; lastKnownFileType = sourcecode.swift; path = SLVehicleDeviceBuilder.swift; sourceTree = "<group>"; };
		4B9996D22B21AA9800F74D34 /* SLFreeStyleDeviceBuilder.swift */ = {isa = PBXFileReference; lastKnownFileType = sourcecode.swift; path = SLFreeStyleDeviceBuilder.swift; sourceTree = "<group>"; };
		4BA6B0322B4ACBFC00D35F6A /* SCLTransferringCell.swift */ = {isa = PBXFileReference; lastKnownFileType = sourcecode.swift; path = SCLTransferringCell.swift; sourceTree = "<group>"; };
		4BA6B0332B4ACBFC00D35F6A /* SCLTransferringCell.xib */ = {isa = PBXFileReference; lastKnownFileType = file.xib; path = SCLTransferringCell.xib; sourceTree = "<group>"; };
		4BBA6A982B4988C100E207F5 /* silentAudio.m4a */ = {isa = PBXFileReference; lastKnownFileType = file; path = silentAudio.m4a; sourceTree = "<group>"; };
		4BBA6A992B4988C100E207F5 /* SLBLEBackgroundTask.swift */ = {isa = PBXFileReference; fileEncoding = 4; lastKnownFileType = sourcecode.swift; path = SLBLEBackgroundTask.swift; sourceTree = "<group>"; };
		4BBA6A9A2B4988C100E207F5 /* SLBackgroundTask.swift */ = {isa = PBXFileReference; fileEncoding = 4; lastKnownFileType = sourcecode.swift; path = SLBackgroundTask.swift; sourceTree = "<group>"; };
		4BBA6A9E2B498B3900E207F5 /* SLKeepAliveManager.swift */ = {isa = PBXFileReference; lastKnownFileType = sourcecode.swift; path = SLKeepAliveManager.swift; sourceTree = "<group>"; };
		4BBA6AA02B49952C00E207F5 /* SLFilesViewController.swift */ = {isa = PBXFileReference; fileEncoding = 4; lastKnownFileType = sourcecode.swift; path = SLFilesViewController.swift; sourceTree = "<group>"; };
		4BBA6AA32B4996AF00E207F5 /* SLReceiveFileListView.swift */ = {isa = PBXFileReference; fileEncoding = 4; lastKnownFileType = sourcecode.swift; path = SLReceiveFileListView.swift; sourceTree = "<group>"; };
		4BBA6AA42B4996AF00E207F5 /* SLSendFileListView.swift */ = {isa = PBXFileReference; fileEncoding = 4; lastKnownFileType = sourcecode.swift; path = SLSendFileListView.swift; sourceTree = "<group>"; };
		4BBA6AA52B4996AF00E207F5 /* SLReceiveFileProgressView.swift */ = {isa = PBXFileReference; fileEncoding = 4; lastKnownFileType = sourcecode.swift; path = SLReceiveFileProgressView.swift; sourceTree = "<group>"; };
		4BBA6AA72B4996AF00E207F5 /* SLFileListTableViewCell.swift */ = {isa = PBXFileReference; fileEncoding = 4; lastKnownFileType = sourcecode.swift; path = SLFileListTableViewCell.swift; sourceTree = "<group>"; };
		4BBA6AA82B4996AF00E207F5 /* SLReceivingFileTableViewCell.swift */ = {isa = PBXFileReference; fileEncoding = 4; lastKnownFileType = sourcecode.swift; path = SLReceivingFileTableViewCell.swift; sourceTree = "<group>"; };
		4BBA6AAE2B49986E00E207F5 /* SLFileOperateModel.swift */ = {isa = PBXFileReference; fileEncoding = 4; lastKnownFileType = sourcecode.swift; path = SLFileOperateModel.swift; sourceTree = "<group>"; };
		4BBA6AB02B4A821B00E207F5 /* SLFileCentralManager.swift */ = {isa = PBXFileReference; lastKnownFileType = sourcecode.swift; path = SLFileCentralManager.swift; sourceTree = "<group>"; };
		4BBA6AB42B4A946500E207F5 /* FileDecisionViewController.swift */ = {isa = PBXFileReference; lastKnownFileType = sourcecode.swift; path = FileDecisionViewController.swift; sourceTree = "<group>"; };
		4BBA6AB52B4A946500E207F5 /* FileDecisionViewController.xib */ = {isa = PBXFileReference; lastKnownFileType = file.xib; path = FileDecisionViewController.xib; sourceTree = "<group>"; };
		4BC2DFAD2B48E81D00F82972 /* SLAdjustingViewController.swift */ = {isa = PBXFileReference; fileEncoding = 4; lastKnownFileType = sourcecode.swift; path = SLAdjustingViewController.swift; sourceTree = "<group>"; };
		4BC2DFB02B48EBF700F82972 /* SCLAlertViewController.swift */ = {isa = PBXFileReference; fileEncoding = 4; lastKnownFileType = sourcecode.swift; path = SCLAlertViewController.swift; sourceTree = "<group>"; };
		4BC2DFB22B48EE8000F82972 /* SCLSyncCalibrationStateReq.swift */ = {isa = PBXFileReference; lastKnownFileType = sourcecode.swift; path = SCLSyncCalibrationStateReq.swift; sourceTree = "<group>"; };
		4BC2DFB62B48FA5A00F82972 /* SCLUploadCalibrationDataReq.swift */ = {isa = PBXFileReference; lastKnownFileType = sourcecode.swift; path = SCLUploadCalibrationDataReq.swift; sourceTree = "<group>"; };
		4BC2DFB82B48FB9F00F82972 /* SCLUploadCalibrationDataResp.swift */ = {isa = PBXFileReference; lastKnownFileType = sourcecode.swift; path = SCLUploadCalibrationDataResp.swift; sourceTree = "<group>"; };
		4BCE34072B3441CB00E14D40 /* SCLUtil.swift */ = {isa = PBXFileReference; lastKnownFileType = sourcecode.swift; path = SCLUtil.swift; sourceTree = "<group>"; };
		4BCE34092B34436C00E14D40 /* SCLQRResult.swift */ = {isa = PBXFileReference; lastKnownFileType = sourcecode.swift; path = SCLQRResult.swift; sourceTree = "<group>"; };
		4BCEEA922B3D068D003C036A /* SCLReconnectViewController.swift */ = {isa = PBXFileReference; lastKnownFileType = sourcecode.swift; path = SCLReconnectViewController.swift; sourceTree = "<group>"; };
		4BCEEA942B3D808E003C036A /* SCLPairVerificationReq.swift */ = {isa = PBXFileReference; lastKnownFileType = sourcecode.swift; path = SCLPairVerificationReq.swift; sourceTree = "<group>"; };
		4BDE22E22B31407600D1A50C /* SCLPairGuideViewController.swift */ = {isa = PBXFileReference; lastKnownFileType = sourcecode.swift; path = SCLPairGuideViewController.swift; sourceTree = "<group>"; };
		4BDE22E32B31407600D1A50C /* SCLPairGuideViewController.xib */ = {isa = PBXFileReference; lastKnownFileType = file.xib; path = SCLPairGuideViewController.xib; sourceTree = "<group>"; };
		4BDE22EC2B31B1AE00D1A50C /* SCLPrivacyPolicyViewController.swift */ = {isa = PBXFileReference; lastKnownFileType = sourcecode.swift; path = SCLPrivacyPolicyViewController.swift; sourceTree = "<group>"; };
		4BDE22ED2B31B1AE00D1A50C /* SCLPrivacyPolicyViewController.xib */ = {isa = PBXFileReference; lastKnownFileType = file.xib; path = SCLPrivacyPolicyViewController.xib; sourceTree = "<group>"; };
		4BDE22F02B328C4000D1A50C /* SLWebViewController.swift */ = {isa = PBXFileReference; lastKnownFileType = sourcecode.swift; path = SLWebViewController.swift; sourceTree = "<group>"; };
		4BE13FEE2B4819CF00606BE6 /* SCLSyncPairReq.swift */ = {isa = PBXFileReference; lastKnownFileType = sourcecode.swift; path = SCLSyncPairReq.swift; sourceTree = "<group>"; };
		4BE13FF52B48262400606BE6 /* zh-Hans */ = {isa = PBXFileReference; lastKnownFileType = text.plist.strings; name = "zh-Hans"; path = "zh-Hans.lproj/Main.strings"; sourceTree = "<group>"; };
		4BE13FF62B48262400606BE6 /* zh-Hans */ = {isa = PBXFileReference; lastKnownFileType = text.plist.strings; name = "zh-Hans"; path = "zh-Hans.lproj/LaunchScreen.strings"; sourceTree = "<group>"; };
		4BE13FFA2B4826AC00606BE6 /* zh-Hans */ = {isa = PBXFileReference; lastKnownFileType = text.plist.strings; name = "zh-Hans"; path = "zh-Hans.lproj/Localizable.strings"; sourceTree = "<group>"; };
		4BE13FFC2B4826B100606BE6 /* en */ = {isa = PBXFileReference; lastKnownFileType = text.plist.strings; name = en; path = en.lproj/Localizable.strings; sourceTree = "<group>"; };
		4BE13FFF2B48271C00606BE6 /* SLAdjustingTimeoutViewController.swift */ = {isa = PBXFileReference; fileEncoding = 4; lastKnownFileType = sourcecode.swift; path = SLAdjustingTimeoutViewController.swift; sourceTree = "<group>"; };
		4BE140002B48271C00606BE6 /* SLAdjustingSensitivityBigHintViewController.swift */ = {isa = PBXFileReference; fileEncoding = 4; lastKnownFileType = sourcecode.swift; path = SLAdjustingSensitivityBigHintViewController.swift; sourceTree = "<group>"; };
		4BE140032B48271C00606BE6 /* SLAdustingControlAnimationView.swift */ = {isa = PBXFileReference; fileEncoding = 4; lastKnownFileType = sourcecode.swift; path = SLAdustingControlAnimationView.swift; sourceTree = "<group>"; };
		4BE140042B48271C00606BE6 /* SLAdjustingView.swift */ = {isa = PBXFileReference; fileEncoding = 4; lastKnownFileType = sourcecode.swift; path = SLAdjustingView.swift; sourceTree = "<group>"; };
		4BE140052B48271C00606BE6 /* SLAdjustingManager.swift */ = {isa = PBXFileReference; fileEncoding = 4; lastKnownFileType = sourcecode.swift; path = SLAdjustingManager.swift; sourceTree = "<group>"; };
		4BE140072B48271C00606BE6 /* SLAdjustingImageView.swift */ = {isa = PBXFileReference; fileEncoding = 4; lastKnownFileType = sourcecode.swift; path = SLAdjustingImageView.swift; sourceTree = "<group>"; };
		4BE140082B48271C00606BE6 /* SLAdjustingSortView.swift */ = {isa = PBXFileReference; fileEncoding = 4; lastKnownFileType = sourcecode.swift; path = SLAdjustingSortView.swift; sourceTree = "<group>"; };
		4BE140092B48271C00606BE6 /* SLAdjustingOpenTouchView.swift */ = {isa = PBXFileReference; fileEncoding = 4; lastKnownFileType = sourcecode.swift; path = SLAdjustingOpenTouchView.swift; sourceTree = "<group>"; };
		4BE1400A2B48271C00606BE6 /* SLAdjustingBackgroundView.swift */ = {isa = PBXFileReference; fileEncoding = 4; lastKnownFileType = sourcecode.swift; path = SLAdjustingBackgroundView.swift; sourceTree = "<group>"; };
		4BE1FA9E2B2B0CC100F7A4B1 /* StringExtension.swift */ = {isa = PBXFileReference; lastKnownFileType = sourcecode.swift; path = StringExtension.swift; sourceTree = "<group>"; };
		4BE3B94C2B3BF46F00C48A71 /* SCLDBManager.swift */ = {isa = PBXFileReference; lastKnownFileType = sourcecode.swift; path = SCLDBManager.swift; sourceTree = "<group>"; };
		4BE3B9502B3C320F00C48A71 /* SCLGetPairedDeviceResp.swift */ = {isa = PBXFileReference; lastKnownFileType = sourcecode.swift; path = SCLGetPairedDeviceResp.swift; sourceTree = "<group>"; };
		4BE3B9522B3C353700C48A71 /* SLKit.entitlements */ = {isa = PBXFileReference; lastKnownFileType = text.plist.entitlements; path = SLKit.entitlements; sourceTree = "<group>"; };
		540536ACE968C6C213F41F95 /* Pods-SLKit_Tests.release.xcconfig */ = {isa = PBXFileReference; includeInIndex = 1; lastKnownFileType = text.xcconfig; name = "Pods-SLKit_Tests.release.xcconfig"; path = "Target Support Files/Pods-SLKit_Tests/Pods-SLKit_Tests.release.xcconfig"; sourceTree = "<group>"; };
		607FACD01AFB9204008FA782 /* SLKit_Example.app */ = {isa = PBXFileReference; explicitFileType = wrapper.application; includeInIndex = 0; path = SLKit_Example.app; sourceTree = BUILT_PRODUCTS_DIR; };
		607FACD41AFB9204008FA782 /* Info.plist */ = {isa = PBXFileReference; lastKnownFileType = text.plist.xml; path = Info.plist; sourceTree = "<group>"; };
		607FACD51AFB9204008FA782 /* AppDelegate.swift */ = {isa = PBXFileReference; lastKnownFileType = sourcecode.swift; path = AppDelegate.swift; sourceTree = "<group>"; };
		607FACDA1AFB9204008FA782 /* Base */ = {isa = PBXFileReference; lastKnownFileType = file.storyboard; name = Base; path = Base.lproj/Main.storyboard; sourceTree = "<group>"; };
		607FACDC1AFB9204008FA782 /* Images.xcassets */ = {isa = PBXFileReference; lastKnownFileType = folder.assetcatalog; path = Images.xcassets; sourceTree = "<group>"; };
		607FACDF1AFB9204008FA782 /* Base */ = {isa = PBXFileReference; lastKnownFileType = file.xib; name = Base; path = Base.lproj/LaunchScreen.xib; sourceTree = "<group>"; };
		607FACE51AFB9204008FA782 /* SLKit_Tests.xctest */ = {isa = PBXFileReference; explicitFileType = wrapper.cfbundle; includeInIndex = 0; path = SLKit_Tests.xctest; sourceTree = BUILT_PRODUCTS_DIR; };
		607FACEA1AFB9204008FA782 /* Info.plist */ = {isa = PBXFileReference; lastKnownFileType = text.plist.xml; path = Info.plist; sourceTree = "<group>"; };
		607FACEB1AFB9204008FA782 /* Tests.swift */ = {isa = PBXFileReference; lastKnownFileType = sourcecode.swift; path = Tests.swift; sourceTree = "<group>"; };
		608124654EE78D1BA80409B2 /* Pods-SLKit_Tests.debug.xcconfig */ = {isa = PBXFileReference; includeInIndex = 1; lastKnownFileType = text.xcconfig; name = "Pods-SLKit_Tests.debug.xcconfig"; path = "Target Support Files/Pods-SLKit_Tests/Pods-SLKit_Tests.debug.xcconfig"; sourceTree = "<group>"; };
		747786D8C98F757F282D8FDB /* SLKit.podspec */ = {isa = PBXFileReference; includeInIndex = 1; lastKnownFileType = text; name = SLKit.podspec; path = ../SLKit.podspec; sourceTree = "<group>"; xcLanguageSpecificationIdentifier = xcode.lang.ruby; };
		AEB5099C0C095FE41397A21F /* LICENSE */ = {isa = PBXFileReference; includeInIndex = 1; lastKnownFileType = text; name = LICENSE; path = ../LICENSE; sourceTree = "<group>"; };
		D1DF08CC95BD52C465253FD2 /* Pods_SLKit_Example.framework */ = {isa = PBXFileReference; explicitFileType = wrapper.framework; includeInIndex = 0; path = Pods_SLKit_Example.framework; sourceTree = BUILT_PRODUCTS_DIR; };
/* End PBXFileReference section */

/* Begin PBXFrameworksBuildPhase section */
		607FACCD1AFB9204008FA782 /* Frameworks */ = {
			isa = PBXFrameworksBuildPhase;
			buildActionMask = 2147483647;
			files = (
				B039E0A6849D89685F8353C4 /* Pods_SLKit_Example.framework in Frameworks */,
				4B72F5CD2B45B3EC00074E28 /* libXTunnelFileTransfer.a in Frameworks */,
			);
			runOnlyForDeploymentPostprocessing = 0;
		};
		607FACE21AFB9204008FA782 /* Frameworks */ = {
			isa = PBXFrameworksBuildPhase;
			buildActionMask = 2147483647;
			files = (
				DBFB790359E337094CBB01C5 /* Pods_SLKit_Tests.framework in Frameworks */,
			);
			runOnlyForDeploymentPostprocessing = 0;
		};
/* End PBXFrameworksBuildPhase section */

/* Begin PBXGroup section */
		29441C7B2B496A72008C99DB /* FileManager */ = {
			isa = PBXGroup;
			children = (
				29441C7D2B496A72008C99DB /* SLFileManager.h */,
				29441C7C2B496A72008C99DB /* SLFileManager.m */,
			);
			path = FileManager;
			sourceTree = "<group>";
		};
		29441C7E2B496A72008C99DB /* Model */ = {
			isa = PBXGroup;
			children = (
				4BBA6AAE2B49986E00E207F5 /* SLFileOperateModel.swift */,
				29441C7F2B496A72008C99DB /* SLLocalFileDBModel.h */,
				29441C802B496A72008C99DB /* SLLocalFileDBModel.m */,
			);
			path = Model;
			sourceTree = "<group>";
		};
		4B0EC3822B4795DF00E01BBE /* Settings */ = {
			isa = PBXGroup;
			children = (
				4B2694F02B304BB400B116BA /* SCLSettingCell.swift */,
				4B2694EC2B30437400B116BA /* SCLSettingViewController.swift */,
				4B2694EE2B30448200B116BA /* SCLSettingCellModel.swift */,
				4B2694F12B304BB500B116BA /* SCLSettingCell.xib */,
				4B2694F42B3060D800B116BA /* SCLSettingSectionBackgroundView.swift */,
			);
			path = Settings;
			sourceTree = "<group>";
		};
		4B33D24E2B4547AB002B0C5B /* Socket */ = {
			isa = PBXGroup;
			children = (
				4B14ACA22B3AB34F00FD0F9A /* SCLSocketRequest.swift */,
				4B14ACA42B3ABC7000FD0F9A /* SCLSocketResponse.swift */,
				4B33D24F2B4548E4002B0C5B /* SCLSocketLoginReq.swift */,
				4B33D2512B454A40002B0C5B /* SCLSocketLoginResp.swift */,
				4BCEEA942B3D808E003C036A /* SCLPairVerificationReq.swift */,
				4BE3B9502B3C320F00C48A71 /* SCLGetPairedDeviceResp.swift */,
				4B33D2532B457106002B0C5B /* SCLScreenReq.swift */,
				4B33D2572B4575C5002B0C5B /* SCLScreenResp.swift */,
				4B33D2552B45729E002B0C5B /* SCLInitReq.swift */,
				4B33D2592B457901002B0C5B /* SCLInitResp.swift */,
				4B0EC3832B479F0C00E01BBE /* SCLEndReq.swift */,
				4B0EC3872B47D02200E01BBE /* SCLSyncReq.swift */,
				4B0EC3892B47D9C000E01BBE /* SCLSyncResp.swift */,
				4BE13FEE2B4819CF00606BE6 /* SCLSyncPairReq.swift */,
				4BC2DFB22B48EE8000F82972 /* SCLSyncCalibrationStateReq.swift */,
				4B95D86D2B4919560049355C /* SCLSyncCalibrationStateResp.swift */,
				4BC2DFB62B48FA5A00F82972 /* SCLUploadCalibrationDataReq.swift */,
				4BC2DFB82B48FB9F00F82972 /* SCLUploadCalibrationDataResp.swift */,
				4B95D86F2B49221E0049355C /* SCLSyncMovePointReq.swift */,
				4B95D8712B4923860049355C /* SCLSyncMovePointResp.swift */,
				4B95D89A2B494FE40049355C /* SCLSyncAirplayStateReq.swift */,
				4B95D89C2B4950470049355C /* SCLSyncAirplayStateResp.swift */,
			);
			path = Socket;
			sourceTree = "<group>";
		};
		4B33D25D2B457E7C002B0C5B /* Home */ = {
			isa = PBXGroup;
			children = (
				4B2CA3802B2FD6A700D7F024 /* SCLHomeViewController.swift */,
				4B2CA3812B2FD6A700D7F024 /* SCLHomeViewController.xib */,
				4B2CA3842B301C6C00D7F024 /* SCLConnectionViewController.swift */,
				4B2CA3852B301C6C00D7F024 /* SCLConnectionViewController.xib */,
				4B2CA38C2B301DCA00D7F024 /* SCLDeviceViewController.swift */,
				4B2CA38D2B301DCA00D7F024 /* SCLDeviceViewController.xib */,
			);
			path = Home;
			sourceTree = "<group>";
		};
		4B72F5A72B45B3EC00074E28 /* FileTransfer */ = {
			isa = PBXGroup;
			children = (
				4BBA6AA22B49969A00E207F5 /* View */,
				4BBA6AA02B49952C00E207F5 /* SLFilesViewController.swift */,
				29441C842B496A9E008C99DB /* SLFileModel.h */,
				29441C832B496A9E008C99DB /* SLFileModel.m */,
				29441C7B2B496A72008C99DB /* FileManager */,
				29441C7E2B496A72008C99DB /* Model */,
				29441C752B496931008C99DB /* SLFileTransferModel.h */,
				29441C6F2B496930008C99DB /* SLFileTransferModel.m */,
				29441C722B496931008C99DB /* SLHeader.h */,
				29441C742B496931008C99DB /* SLLocalFileManger.h */,
				29441C732B496931008C99DB /* SLLocalFileManger.m */,
				29441C702B496930008C99DB /* SLTransferManager.h */,
				29441C762B496931008C99DB /* SLTransferManager.m */,
				29441C6E2B496930008C99DB /* SLWaitSendFileModel.h */,
				29441C712B496930008C99DB /* SLWaitSendFileModel.m */,
				4B72F5D42B45BCC500074E28 /* NSString+Transition.h */,
				4B72F5D52B45BCC500074E28 /* NSString+Transition.mm */,
				4B72F5A82B45B3EC00074E28 /* SLFileIOModel.h */,
				4B72F5C52B45B3EC00074E28 /* SLFileIOModel.m */,
				4B72F5C82B45B3EC00074E28 /* SLFileTransferFileModel.h */,
				4B72F5C72B45B3EC00074E28 /* SLFileTransferFileModel.mm */,
				4B72F5A92B45B3EC00074E28 /* SLFileTransferManager.h */,
				4B72F5C62B45B3EC00074E28 /* SLFileTransferManager.mm */,
				4B72F5AA2B45B3EC00074E28 /* include */,
				4B72F5C92B45B3EC00074E28 /* libXTunnelFileTransfer.a */,
				4BBA6AB02B4A821B00E207F5 /* SLFileCentralManager.swift */,
				4BBA6AB42B4A946500E207F5 /* FileDecisionViewController.swift */,
				4BBA6AB52B4A946500E207F5 /* FileDecisionViewController.xib */,
			);
			path = FileTransfer;
			sourceTree = "<group>";
		};
		4B72F5AA2B45B3EC00074E28 /* include */ = {
			isa = PBXGroup;
			children = (
				4B72F5AB2B45B3EC00074E28 /* XTunnelFileTransfer */,
			);
			path = include;
			sourceTree = "<group>";
		};
		4B72F5AB2B45B3EC00074E28 /* XTunnelFileTransfer */ = {
			isa = PBXGroup;
			children = (
				4B72F5AC2B45B3EC00074E28 /* jsoncpp */,
				4B72F5B02B45B3EC00074E28 /* Sockets */,
				4B72F5B62B45B3EC00074E28 /* Utils */,
				4B72F5BC2B45B3EC00074E28 /* FileTransfer */,
			);
			path = XTunnelFileTransfer;
			sourceTree = "<group>";
		};
		4B72F5AC2B45B3EC00074E28 /* jsoncpp */ = {
			isa = PBXGroup;
			children = (
				4B72F5AD2B45B3EC00074E28 /* json */,
			);
			path = jsoncpp;
			sourceTree = "<group>";
		};
		4B72F5AD2B45B3EC00074E28 /* json */ = {
			isa = PBXGroup;
			children = (
				4B72F5AE2B45B3EC00074E28 /* json-forwards.h */,
				4B72F5AF2B45B3EC00074E28 /* json.h */,
			);
			path = json;
			sourceTree = "<group>";
		};
		4B72F5B02B45B3EC00074E28 /* Sockets */ = {
			isa = PBXGroup;
			children = (
				4B72F5B12B45B3EC00074E28 /* TCPServer.h */,
				4B72F5B22B45B3EC00074E28 /* ServerHelper.h */,
				4B72F5B32B45B3EC00074E28 /* ClientHelper.h */,
				4B72F5B42B45B3EC00074E28 /* Socket.h */,
				4B72F5B52B45B3EC00074E28 /* TCPClient.h */,
			);
			path = Sockets;
			sourceTree = "<group>";
		};
		4B72F5B62B45B3EC00074E28 /* Utils */ = {
			isa = PBXGroup;
			children = (
				4B72F5B72B45B3EC00074E28 /* base64.h */,
				4B72F5B82B45B3EC00074E28 /* MD5.h */,
				4B72F5B92B45B3EC00074E28 /* tools.h */,
				4B72F5BA2B45B3EC00074E28 /* SimperSafeMap.h */,
				4B72F5BB2B45B3EC00074E28 /* ping.h */,
			);
			path = Utils;
			sourceTree = "<group>";
		};
		4B72F5BC2B45B3EC00074E28 /* FileTransfer */ = {
			isa = PBXGroup;
			children = (
				4B72F5BD2B45B3EC00074E28 /* JsonHelper.h */,
				4B72F5BE2B45B3EC00074E28 /* SubTask_Sender.h */,
				4B72F5BF2B45B3EC00074E28 /* FileTransferSenderTaskProcess.h */,
				4B72F5C02B45B3EC00074E28 /* FileTransferModel.h */,
				4B72F5C12B45B3EC00074E28 /* FileTransferReceiverTaskProcess.h */,
				4B72F5C22B45B3EC00074E28 /* SubTask_Receive.h */,
				4B72F5C32B45B3EC00074E28 /* FileTransfer.h */,
				4B72F5C42B45B3EC00074E28 /* ReceiveFileInfoUnit.h */,
			);
			path = FileTransfer;
			sourceTree = "<group>";
		};
		4B72F5D72B45CBCC00074E28 /* Model */ = {
			isa = PBXGroup;
			children = (
				4B9996C62B20098E00F74D34 /* SLFreeStyleDevice.swift */,
				4B9996D22B21AA9800F74D34 /* SLFreeStyleDeviceBuilder.swift */,
				4B9996CA2B204CFB00F74D34 /* SLVehicleDevice.swift */,
				4B9996D02B21AA5A00F74D34 /* SLVehicleDeviceBuilder.swift */,
				4B72F5D82B45CBF300074E28 /* SLDevice.swift */,
			);
			path = Model;
			sourceTree = "<group>";
		};
		4BA0385F2B46901E00F43214 /* AppGuide */ = {
			isa = PBXGroup;
			children = (
				4B23D1F52B330B5C008724E5 /* SCLWelcomeViewController.swift */,
				4B23D1F62B330B5C008724E5 /* SCLWelcomeViewController.xib */,
				4BDE22EC2B31B1AE00D1A50C /* SCLPrivacyPolicyViewController.swift */,
				4BDE22ED2B31B1AE00D1A50C /* SCLPrivacyPolicyViewController.xib */,
				4B23D1ED2B330381008724E5 /* SCLGetAppPromptViewController.swift */,
				4B23D1EE2B330381008724E5 /* SCLGetAppPromptViewController.xib */,
				4B23D1F12B3306D8008724E5 /* SCLRequestPermissionViewController.swift */,
				4B23D1F22B3306D8008724E5 /* SCLRequestPermissionViewController.xib */,
			);
			path = AppGuide;
			sourceTree = "<group>";
		};
		4BA038602B46A31F00F43214 /* Pair */ = {
			isa = PBXGroup;
			children = (
				4B4290E32B386083000EE7AD /* SCLPairViewController.swift */,
				4BDE22E22B31407600D1A50C /* SCLPairGuideViewController.swift */,
				4BDE22E32B31407600D1A50C /* SCLPairGuideViewController.xib */,
				4B4290DB2B3812A3000EE7AD /* SCLPhonePickerAlertViewController.swift */,
				4B4290DC2B3812A3000EE7AD /* SCLPhonePickerAlertViewController.xib */,
			);
			path = Pair;
			sourceTree = "<group>";
		};
		4BA6B05B2B4B900800D35F6A /* Uitls */ = {
			isa = PBXGroup;
			children = (
				4BCE34072B3441CB00E14D40 /* SCLUtil.swift */,
			);
			path = Uitls;
			sourceTree = "<group>";
		};
		4BBA6A972B4988C100E207F5 /* BackgroundTask */ = {
			isa = PBXGroup;
			children = (
				4BBA6A982B4988C100E207F5 /* silentAudio.m4a */,
				4BBA6A992B4988C100E207F5 /* SLBLEBackgroundTask.swift */,
				4BBA6A9A2B4988C100E207F5 /* SLBackgroundTask.swift */,
				4BBA6A9E2B498B3900E207F5 /* SLKeepAliveManager.swift */,
			);
			path = BackgroundTask;
			sourceTree = "<group>";
		};
		4BBA6AA22B49969A00E207F5 /* View */ = {
			isa = PBXGroup;
			children = (
				4BBA6AA62B4996AF00E207F5 /* cell */,
				4BBA6AA32B4996AF00E207F5 /* SLReceiveFileListView.swift */,
				4BBA6AA52B4996AF00E207F5 /* SLReceiveFileProgressView.swift */,
				4BBA6AA42B4996AF00E207F5 /* SLSendFileListView.swift */,
			);
			path = View;
			sourceTree = "<group>";
		};
		4BBA6AA62B4996AF00E207F5 /* cell */ = {
			isa = PBXGroup;
			children = (
				4BBA6AA72B4996AF00E207F5 /* SLFileListTableViewCell.swift */,
				4BBA6AA82B4996AF00E207F5 /* SLReceivingFileTableViewCell.swift */,
			);
			path = cell;
			sourceTree = "<group>";
		};
		4BC2DFAF2B48EBE500F82972 /* Alert */ = {
			isa = PBXGroup;
			children = (
				4BC2DFB02B48EBF700F82972 /* SCLAlertViewController.swift */,
			);
			path = Alert;
			sourceTree = "<group>";
		};
		4BE13FFD2B48271C00606BE6 /* Adusting */ = {
			isa = PBXGroup;
			children = (
				4BE13FFE2B48271C00606BE6 /* Controller */,
				4BE140022B48271C00606BE6 /* sdk */,
				4BE140062B48271C00606BE6 /* View */,
			);
			path = Adusting;
			sourceTree = "<group>";
		};
		4BE13FFE2B48271C00606BE6 /* Controller */ = {
			isa = PBXGroup;
			children = (
				4BC2DFAD2B48E81D00F82972 /* SLAdjustingViewController.swift */,
				4BE13FFF2B48271C00606BE6 /* SLAdjustingTimeoutViewController.swift */,
				4BE140002B48271C00606BE6 /* SLAdjustingSensitivityBigHintViewController.swift */,
			);
			path = Controller;
			sourceTree = "<group>";
		};
		4BE140022B48271C00606BE6 /* sdk */ = {
			isa = PBXGroup;
			children = (
				4BE140032B48271C00606BE6 /* SLAdustingControlAnimationView.swift */,
				4BE140042B48271C00606BE6 /* SLAdjustingView.swift */,
				4BE140052B48271C00606BE6 /* SLAdjustingManager.swift */,
			);
			path = sdk;
			sourceTree = "<group>";
		};
		4BE140062B48271C00606BE6 /* View */ = {
			isa = PBXGroup;
			children = (
				4BE140072B48271C00606BE6 /* SLAdjustingImageView.swift */,
				4BE140082B48271C00606BE6 /* SLAdjustingSortView.swift */,
				4BE140092B48271C00606BE6 /* SLAdjustingOpenTouchView.swift */,
				4BE1400A2B48271C00606BE6 /* SLAdjustingBackgroundView.swift */,
			);
			path = View;
			sourceTree = "<group>";
		};
		607FACC71AFB9204008FA782 = {
			isa = PBXGroup;
			children = (
				607FACF51AFB993E008FA782 /* Podspec Metadata */,
				607FACD21AFB9204008FA782 /* Example for SLKit */,
				607FACE81AFB9204008FA782 /* Tests */,
				607FACD11AFB9204008FA782 /* Products */,
				E989BADB4BB23FCB1FED2BB0 /* Pods */,
				E952471906C32F9934199486 /* Frameworks */,
			);
			sourceTree = "<group>";
		};
		607FACD11AFB9204008FA782 /* Products */ = {
			isa = PBXGroup;
			children = (
				607FACD01AFB9204008FA782 /* SLKit_Example.app */,
				607FACE51AFB9204008FA782 /* SLKit_Tests.xctest */,
			);
			name = Products;
			sourceTree = "<group>";
		};
		607FACD21AFB9204008FA782 /* Example for SLKit */ = {
			isa = PBXGroup;
			children = (
				4BBA6A972B4988C100E207F5 /* BackgroundTask */,
				4BC2DFAF2B48EBE500F82972 /* Alert */,
				4BE13FFD2B48271C00606BE6 /* Adusting */,
				4B72F5A72B45B3EC00074E28 /* FileTransfer */,
				4B33D24E2B4547AB002B0C5B /* Socket */,
				4B72F5D72B45CBCC00074E28 /* Model */,
				607FACD51AFB9204008FA782 /* AppDelegate.swift */,
				4B6B9DCC2AF8AB0F00EEB598 /* TestViewController.swift */,
				607FACD91AFB9204008FA782 /* Main.storyboard */,
				607FACDC1AFB9204008FA782 /* Images.xcassets */,
				607FACDE1AFB9204008FA782 /* LaunchScreen.xib */,
				607FACD31AFB9204008FA782 /* Supporting Files */,
				4BE1FA9E2B2B0CC100F7A4B1 /* StringExtension.swift */,
				4B33D25D2B457E7C002B0C5B /* Home */,
				4B2CA3962B302B5A00D7F024 /* SCLExtension.swift */,
				4B0EC3822B4795DF00E01BBE /* Settings */,
				4B2694F62B31347400B116BA /* SCLBaseViewController.swift */,
				4BA038602B46A31F00F43214 /* Pair */,
				4B4290DF2B38196E000EE7AD /* SCLPhonePickerCell.swift */,
				4B4290E02B38196E000EE7AD /* SCLPhonePickerCell.xib */,
				4BDE22F02B328C4000D1A50C /* SLWebViewController.swift */,
				4BA0385F2B46901E00F43214 /* AppGuide */,
				4BA6B05B2B4B900800D35F6A /* Uitls */,
				4BCE34092B34436C00E14D40 /* SCLQRResult.swift */,
				4B4290E82B3874BF000EE7AD /* SCLAirPlayGuideViewController.swift */,
				4B4290E92B3874BF000EE7AD /* SCLAirPlayGuideViewController.xib */,
				4B4AF9682B391255001C8214 /* SCLFileRecordViewController.swift */,
				4B4AF96A2B391459001C8214 /* SCLFileRecordCell.swift */,
				4B4AF96B2B391459001C8214 /* SCLFileRecordCell.xib */,
				4BA6B0322B4ACBFC00D35F6A /* SCLTransferringCell.swift */,
				4BA6B0332B4ACBFC00D35F6A /* SCLTransferringCell.xib */,
				4B2E00142B394B8D00E2191E /* SCLFileHistoryViewController.swift */,
				4B2E00152B394B8D00E2191E /* SCLFileHistoryViewController.xib */,
				4BE3B94C2B3BF46F00C48A71 /* SCLDBManager.swift */,
				4BE3B9522B3C353700C48A71 /* SLKit.entitlements */,
				4BCEEA922B3D068D003C036A /* SCLReconnectViewController.swift */,
				4B33D2492B453CC4002B0C5B /* SCLHomeViewModel.swift */,
				4B72F5D12B45B47C00074E28 /* SLKit-Bridging-Header.h */,
				4BE13FFB2B4826AC00606BE6 /* Localizable.strings */,
			);
			name = "Example for SLKit";
			path = SLKit;
			sourceTree = "<group>";
		};
		607FACD31AFB9204008FA782 /* Supporting Files */ = {
			isa = PBXGroup;
			children = (
				607FACD41AFB9204008FA782 /* Info.plist */,
			);
			name = "Supporting Files";
			sourceTree = "<group>";
		};
		607FACE81AFB9204008FA782 /* Tests */ = {
			isa = PBXGroup;
			children = (
				607FACEB1AFB9204008FA782 /* Tests.swift */,
				607FACE91AFB9204008FA782 /* Supporting Files */,
			);
			path = Tests;
			sourceTree = "<group>";
		};
		607FACE91AFB9204008FA782 /* Supporting Files */ = {
			isa = PBXGroup;
			children = (
				607FACEA1AFB9204008FA782 /* Info.plist */,
			);
			name = "Supporting Files";
			sourceTree = "<group>";
		};
		607FACF51AFB993E008FA782 /* Podspec Metadata */ = {
			isa = PBXGroup;
			children = (
				747786D8C98F757F282D8FDB /* SLKit.podspec */,
				0EAC628545CAA7CE11A3FDBE /* README.md */,
				AEB5099C0C095FE41397A21F /* LICENSE */,
			);
			name = "Podspec Metadata";
			sourceTree = "<group>";
		};
		E952471906C32F9934199486 /* Frameworks */ = {
			isa = PBXGroup;
			children = (
				D1DF08CC95BD52C465253FD2 /* Pods_SLKit_Example.framework */,
				18CE967A18D972234CC35A2A /* Pods_SLKit_Tests.framework */,
			);
			name = Frameworks;
			sourceTree = "<group>";
		};
		E989BADB4BB23FCB1FED2BB0 /* Pods */ = {
			isa = PBXGroup;
			children = (
				15B067252E1A253BE7E7AFE1 /* Pods-SLKit_Example.debug.xcconfig */,
				077DEFF2690EF5300F2D240F /* Pods-SLKit_Example.release.xcconfig */,
				608124654EE78D1BA80409B2 /* Pods-SLKit_Tests.debug.xcconfig */,
				540536ACE968C6C213F41F95 /* Pods-SLKit_Tests.release.xcconfig */,
			);
			path = Pods;
			sourceTree = "<group>";
		};
/* End PBXGroup section */

/* Begin PBXNativeTarget section */
		607FACCF1AFB9204008FA782 /* SLKit_Example */ = {
			isa = PBXNativeTarget;
			buildConfigurationList = 607FACEF1AFB9204008FA782 /* Build configuration list for PBXNativeTarget "SLKit_Example" */;
			buildPhases = (
				F2C39F266129C6A9725F2E2C /* [CP] Check Pods Manifest.lock */,
				607FACCC1AFB9204008FA782 /* Sources */,
				607FACCD1AFB9204008FA782 /* Frameworks */,
				607FACCE1AFB9204008FA782 /* Resources */,
				651DB3E51291E9AB39AE0F46 /* [CP] Embed Pods Frameworks */,
			);
			buildRules = (
			);
			dependencies = (
			);
			name = SLKit_Example;
			productName = SLKit;
			productReference = 607FACD01AFB9204008FA782 /* SLKit_Example.app */;
			productType = "com.apple.product-type.application";
		};
		607FACE41AFB9204008FA782 /* SLKit_Tests */ = {
			isa = PBXNativeTarget;
			buildConfigurationList = 607FACF21AFB9204008FA782 /* Build configuration list for PBXNativeTarget "SLKit_Tests" */;
			buildPhases = (
				45E8D4D4F775347746C07499 /* [CP] Check Pods Manifest.lock */,
				607FACE11AFB9204008FA782 /* Sources */,
				607FACE21AFB9204008FA782 /* Frameworks */,
				607FACE31AFB9204008FA782 /* Resources */,
			);
			buildRules = (
			);
			dependencies = (
				607FACE71AFB9204008FA782 /* PBXTargetDependency */,
			);
			name = SLKit_Tests;
			productName = Tests;
			productReference = 607FACE51AFB9204008FA782 /* SLKit_Tests.xctest */;
			productType = "com.apple.product-type.bundle.unit-test";
		};
/* End PBXNativeTarget section */

/* Begin PBXProject section */
		607FACC81AFB9204008FA782 /* Project object */ = {
			isa = PBXProject;
			attributes = {
				LastSwiftUpdateCheck = 0830;
				LastUpgradeCheck = 0830;
				ORGANIZATIONNAME = CocoaPods;
				TargetAttributes = {
					607FACCF1AFB9204008FA782 = {
						CreatedOnToolsVersion = 6.3.1;
						DevelopmentTeam = 9CYW329KHD;
						LastSwiftMigration = 0900;
					};
					607FACE41AFB9204008FA782 = {
						CreatedOnToolsVersion = 6.3.1;
						DevelopmentTeam = 9CYW329KHD;
						LastSwiftMigration = 0900;
						TestTargetID = 607FACCF1AFB9204008FA782;
					};
				};
			};
			buildConfigurationList = 607FACCB1AFB9204008FA782 /* Build configuration list for PBXProject "SLKit" */;
			compatibilityVersion = "Xcode 3.2";
			developmentRegion = "zh-Hans";
			hasScannedForEncodings = 0;
			knownRegions = (
				English,
				en,
				Base,
				"zh-Hans",
			);
			mainGroup = 607FACC71AFB9204008FA782;
			productRefGroup = 607FACD11AFB9204008FA782 /* Products */;
			projectDirPath = "";
			projectRoot = "";
			targets = (
				607FACCF1AFB9204008FA782 /* SLKit_Example */,
				607FACE41AFB9204008FA782 /* SLKit_Tests */,
			);
		};
/* End PBXProject section */

/* Begin PBXResourcesBuildPhase section */
		607FACCE1AFB9204008FA782 /* Resources */ = {
			isa = PBXResourcesBuildPhase;
			buildActionMask = 2147483647;
			files = (
				4B2CA3832B2FD6A700D7F024 /* SCLHomeViewController.xib in Resources */,
				4B2CA38F2B301DCA00D7F024 /* SCLDeviceViewController.xib in Resources */,
				607FACDB1AFB9204008FA782 /* Main.storyboard in Resources */,
				4BDE22EF2B31B1AE00D1A50C /* SCLPrivacyPolicyViewController.xib in Resources */,
				4B4290DE2B3812A3000EE7AD /* SCLPhonePickerAlertViewController.xib in Resources */,
				4BA6B0352B4ACBFC00D35F6A /* SCLTransferringCell.xib in Resources */,
				4B4290E22B38196E000EE7AD /* SCLPhonePickerCell.xib in Resources */,
				4B2CA3872B301C6C00D7F024 /* SCLConnectionViewController.xib in Resources */,
				4B2E00172B394B8D00E2191E /* SCLFileHistoryViewController.xib in Resources */,
				4BBA6AB72B4A946500E207F5 /* FileDecisionViewController.xib in Resources */,
				4B4AF96D2B391459001C8214 /* SCLFileRecordCell.xib in Resources */,
				4B23D1F42B3306D8008724E5 /* SCLRequestPermissionViewController.xib in Resources */,
				4BDE22E52B31407600D1A50C /* SCLPairGuideViewController.xib in Resources */,
				4B2694F32B304BB500B116BA /* SCLSettingCell.xib in Resources */,
				4BBA6A9B2B4988C100E207F5 /* silentAudio.m4a in Resources */,
				607FACE01AFB9204008FA782 /* LaunchScreen.xib in Resources */,
				4BE13FF92B4826AC00606BE6 /* Localizable.strings in Resources */,
				4B4290EB2B3874BF000EE7AD /* SCLAirPlayGuideViewController.xib in Resources */,
				4B23D1F02B330381008724E5 /* SCLGetAppPromptViewController.xib in Resources */,
				4B23D1F82B330B5C008724E5 /* SCLWelcomeViewController.xib in Resources */,
				607FACDD1AFB9204008FA782 /* Images.xcassets in Resources */,
			);
			runOnlyForDeploymentPostprocessing = 0;
		};
		607FACE31AFB9204008FA782 /* Resources */ = {
			isa = PBXResourcesBuildPhase;
			buildActionMask = 2147483647;
			files = (
			);
			runOnlyForDeploymentPostprocessing = 0;
		};
/* End PBXResourcesBuildPhase section */

/* Begin PBXShellScriptBuildPhase section */
		45E8D4D4F775347746C07499 /* [CP] Check Pods Manifest.lock */ = {
			isa = PBXShellScriptBuildPhase;
			buildActionMask = 2147483647;
			files = (
			);
			inputFileListPaths = (
			);
			inputPaths = (
				"${PODS_PODFILE_DIR_PATH}/Podfile.lock",
				"${PODS_ROOT}/Manifest.lock",
			);
			name = "[CP] Check Pods Manifest.lock";
			outputFileListPaths = (
			);
			outputPaths = (
				"$(DERIVED_FILE_DIR)/Pods-SLKit_Tests-checkManifestLockResult.txt",
			);
			runOnlyForDeploymentPostprocessing = 0;
			shellPath = /bin/sh;
			shellScript = "diff \"${PODS_PODFILE_DIR_PATH}/Podfile.lock\" \"${PODS_ROOT}/Manifest.lock\" > /dev/null\nif [ $? != 0 ] ; then\n    # print error to STDERR\n    echo \"error: The sandbox is not in sync with the Podfile.lock. Run 'pod install' or update your CocoaPods installation.\" >&2\n    exit 1\nfi\n# This output is used by Xcode 'outputs' to avoid re-running this script phase.\necho \"SUCCESS\" > \"${SCRIPT_OUTPUT_FILE_0}\"\n";
			showEnvVarsInLog = 0;
		};
		651DB3E51291E9AB39AE0F46 /* [CP] Embed Pods Frameworks */ = {
			isa = PBXShellScriptBuildPhase;
			buildActionMask = 2147483647;
			files = (
			);
			inputPaths = (
				"${PODS_ROOT}/Target Support Files/Pods-SLKit_Example/Pods-SLKit_Example-frameworks.sh",
				"${BUILT_PRODUCTS_DIR}/CocoaAsyncSocket/CocoaAsyncSocket.framework",
				"${BUILT_PRODUCTS_DIR}/Differentiator/Differentiator.framework",
				"${BUILT_PRODUCTS_DIR}/HandyJSON/HandyJSON.framework",
				"${BUILT_PRODUCTS_DIR}/KeychainAccess/KeychainAccess.framework",
				"${BUILT_PRODUCTS_DIR}/LLNetworkAccessibility-Swift/LLNetworkAccessibility_Swift.framework",
				"${BUILT_PRODUCTS_DIR}/ObjcExceptionBridging/ObjcExceptionBridging.framework",
				"${BUILT_PRODUCTS_DIR}/Realm/Realm.framework",
				"${BUILT_PRODUCTS_DIR}/RealmSwift/RealmSwift.framework",
				"${BUILT_PRODUCTS_DIR}/RxCocoa/RxCocoa.framework",
				"${BUILT_PRODUCTS_DIR}/RxDataSources/RxDataSources.framework",
				"${BUILT_PRODUCTS_DIR}/RxRelay/RxRelay.framework",
				"${BUILT_PRODUCTS_DIR}/RxSwift/RxSwift.framework",
				"${BUILT_PRODUCTS_DIR}/SLKit/SLKit.framework",
				"${BUILT_PRODUCTS_DIR}/SnapKit/SnapKit.framework",
				"${BUILT_PRODUCTS_DIR}/TZImagePickerController/TZImagePickerController.framework",
				"${BUILT_PRODUCTS_DIR}/Toast-Swift/Toast_Swift.framework",
				"${BUILT_PRODUCTS_DIR}/XCGLogger/XCGLogger.framework",
			);
			name = "[CP] Embed Pods Frameworks";
			outputPaths = (
				"${TARGET_BUILD_DIR}/${FRAMEWORKS_FOLDER_PATH}/CocoaAsyncSocket.framework",
				"${TARGET_BUILD_DIR}/${FRAMEWORKS_FOLDER_PATH}/Differentiator.framework",
				"${TARGET_BUILD_DIR}/${FRAMEWORKS_FOLDER_PATH}/HandyJSON.framework",
				"${TARGET_BUILD_DIR}/${FRAMEWORKS_FOLDER_PATH}/KeychainAccess.framework",
				"${TARGET_BUILD_DIR}/${FRAMEWORKS_FOLDER_PATH}/LLNetworkAccessibility_Swift.framework",
				"${TARGET_BUILD_DIR}/${FRAMEWORKS_FOLDER_PATH}/ObjcExceptionBridging.framework",
				"${TARGET_BUILD_DIR}/${FRAMEWORKS_FOLDER_PATH}/Realm.framework",
				"${TARGET_BUILD_DIR}/${FRAMEWORKS_FOLDER_PATH}/RealmSwift.framework",
				"${TARGET_BUILD_DIR}/${FRAMEWORKS_FOLDER_PATH}/RxCocoa.framework",
				"${TARGET_BUILD_DIR}/${FRAMEWORKS_FOLDER_PATH}/RxDataSources.framework",
				"${TARGET_BUILD_DIR}/${FRAMEWORKS_FOLDER_PATH}/RxRelay.framework",
				"${TARGET_BUILD_DIR}/${FRAMEWORKS_FOLDER_PATH}/RxSwift.framework",
				"${TARGET_BUILD_DIR}/${FRAMEWORKS_FOLDER_PATH}/SLKit.framework",
				"${TARGET_BUILD_DIR}/${FRAMEWORKS_FOLDER_PATH}/SnapKit.framework",
				"${TARGET_BUILD_DIR}/${FRAMEWORKS_FOLDER_PATH}/TZImagePickerController.framework",
				"${TARGET_BUILD_DIR}/${FRAMEWORKS_FOLDER_PATH}/Toast_Swift.framework",
				"${TARGET_BUILD_DIR}/${FRAMEWORKS_FOLDER_PATH}/XCGLogger.framework",
			);
			runOnlyForDeploymentPostprocessing = 0;
			shellPath = /bin/sh;
			shellScript = "\"${PODS_ROOT}/Target Support Files/Pods-SLKit_Example/Pods-SLKit_Example-frameworks.sh\"\n";
			showEnvVarsInLog = 0;
		};
		F2C39F266129C6A9725F2E2C /* [CP] Check Pods Manifest.lock */ = {
			isa = PBXShellScriptBuildPhase;
			buildActionMask = 2147483647;
			files = (
			);
			inputFileListPaths = (
			);
			inputPaths = (
				"${PODS_PODFILE_DIR_PATH}/Podfile.lock",
				"${PODS_ROOT}/Manifest.lock",
			);
			name = "[CP] Check Pods Manifest.lock";
			outputFileListPaths = (
			);
			outputPaths = (
				"$(DERIVED_FILE_DIR)/Pods-SLKit_Example-checkManifestLockResult.txt",
			);
			runOnlyForDeploymentPostprocessing = 0;
			shellPath = /bin/sh;
			shellScript = "diff \"${PODS_PODFILE_DIR_PATH}/Podfile.lock\" \"${PODS_ROOT}/Manifest.lock\" > /dev/null\nif [ $? != 0 ] ; then\n    # print error to STDERR\n    echo \"error: The sandbox is not in sync with the Podfile.lock. Run 'pod install' or update your CocoaPods installation.\" >&2\n    exit 1\nfi\n# This output is used by Xcode 'outputs' to avoid re-running this script phase.\necho \"SUCCESS\" > \"${SCRIPT_OUTPUT_FILE_0}\"\n";
			showEnvVarsInLog = 0;
		};
/* End PBXShellScriptBuildPhase section */

/* Begin PBXSourcesBuildPhase section */
		607FACCC1AFB9204008FA782 /* Sources */ = {
			isa = PBXSourcesBuildPhase;
			buildActionMask = 2147483647;
			files = (
				4B2694EF2B30448200B116BA /* SCLSettingCellModel.swift in Sources */,
				4BC2DFAE2B48E81D00F82972 /* SLAdjustingViewController.swift in Sources */,
				4BBA6AAA2B4996AF00E207F5 /* SLSendFileListView.swift in Sources */,
				4BC2DFB12B48EBF700F82972 /* SCLAlertViewController.swift in Sources */,
				4B2CA3822B2FD6A700D7F024 /* SCLHomeViewController.swift in Sources */,
				4B72F5D62B45BCC500074E28 /* NSString+Transition.mm in Sources */,
				4B23D1F72B330B5C008724E5 /* SCLWelcomeViewController.swift in Sources */,
				29441C822B496A72008C99DB /* SLLocalFileDBModel.m in Sources */,
				4B33D2502B4548E4002B0C5B /* SCLSocketLoginReq.swift in Sources */,
				4B4290EA2B3874BF000EE7AD /* SCLAirPlayGuideViewController.swift in Sources */,
				4B0EC38A2B47D9C000E01BBE /* SCLSyncResp.swift in Sources */,
				4B0EC3882B47D02200E01BBE /* SCLSyncReq.swift in Sources */,
				4BBA6AA92B4996AF00E207F5 /* SLReceiveFileListView.swift in Sources */,
				4B4290E12B38196E000EE7AD /* SCLPhonePickerCell.swift in Sources */,
				4BE140122B48271C00606BE6 /* SLAdjustingSortView.swift in Sources */,
				29441C772B496931008C99DB /* SLFileTransferModel.m in Sources */,
				29441C792B496931008C99DB /* SLLocalFileManger.m in Sources */,
				4BE3B9512B3C320F00C48A71 /* SCLGetPairedDeviceResp.swift in Sources */,
				4B2694F72B31347400B116BA /* SCLBaseViewController.swift in Sources */,
				4B0EC3842B479F0C00E01BBE /* SCLEndReq.swift in Sources */,
				4B14ACA32B3AB34F00FD0F9A /* SCLSocketRequest.swift in Sources */,
				29441C852B496A9E008C99DB /* SLFileModel.m in Sources */,
				4BBA6AAB2B4996AF00E207F5 /* SLReceiveFileProgressView.swift in Sources */,
				4B33D2582B4575C5002B0C5B /* SCLScreenResp.swift in Sources */,
				29441C812B496A72008C99DB /* SLFileManager.m in Sources */,
				4B2694F52B3060D800B116BA /* SCLSettingSectionBackgroundView.swift in Sources */,
				4BBA6AAF2B49986E00E207F5 /* SLFileOperateModel.swift in Sources */,
				4BE1400E2B48271C00606BE6 /* SLAdustingControlAnimationView.swift in Sources */,
				4BDE22EE2B31B1AE00D1A50C /* SCLPrivacyPolicyViewController.swift in Sources */,
				4B33D24A2B453CC4002B0C5B /* SCLHomeViewModel.swift in Sources */,
				4BDE22F12B328C4000D1A50C /* SLWebViewController.swift in Sources */,
				4BBA6AB62B4A946500E207F5 /* FileDecisionViewController.swift in Sources */,
				4B72F5CA2B45B3EC00074E28 /* SLFileIOModel.m in Sources */,
				4BC2DFB32B48EE8000F82972 /* SCLSyncCalibrationStateReq.swift in Sources */,
				4B4290DD2B3812A3000EE7AD /* SCLPhonePickerAlertViewController.swift in Sources */,
				4B95D8722B4923860049355C /* SCLSyncMovePointResp.swift in Sources */,
				4BBA6AA12B49952C00E207F5 /* SLFilesViewController.swift in Sources */,
				4BBA6AB12B4A821B00E207F5 /* SLFileCentralManager.swift in Sources */,
				4BE1400B2B48271C00606BE6 /* SLAdjustingTimeoutViewController.swift in Sources */,
				4B2CA3862B301C6C00D7F024 /* SCLConnectionViewController.swift in Sources */,
				4BBA6A9F2B498B3900E207F5 /* SLKeepAliveManager.swift in Sources */,
				29441C782B496931008C99DB /* SLWaitSendFileModel.m in Sources */,
				4B2694F22B304BB500B116BA /* SCLSettingCell.swift in Sources */,
				4BBA6AAC2B4996AF00E207F5 /* SLFileListTableViewCell.swift in Sources */,
				4B6B9DCD2AF8AB0F00EEB598 /* TestViewController.swift in Sources */,
				4B33D2522B454A40002B0C5B /* SCLSocketLoginResp.swift in Sources */,
				4BE13FEF2B4819CF00606BE6 /* SCLSyncPairReq.swift in Sources */,
				4B95D89B2B494FE40049355C /* SCLSyncAirplayStateReq.swift in Sources */,
				4BE140142B48271C00606BE6 /* SLAdjustingBackgroundView.swift in Sources */,
				4B33D2562B45729E002B0C5B /* SCLInitReq.swift in Sources */,
				4BA6B0342B4ACBFC00D35F6A /* SCLTransferringCell.swift in Sources */,
				4B72F5CC2B45B3EC00074E28 /* SLFileTransferFileModel.mm in Sources */,
				4BE140102B48271C00606BE6 /* SLAdjustingManager.swift in Sources */,
				4BC2DFB92B48FB9F00F82972 /* SCLUploadCalibrationDataResp.swift in Sources */,
				4BE1FA9F2B2B0CC100F7A4B1 /* StringExtension.swift in Sources */,
				4B33D2542B457106002B0C5B /* SCLScreenReq.swift in Sources */,
				4B33D25A2B457901002B0C5B /* SCLInitResp.swift in Sources */,
				4BE140112B48271C00606BE6 /* SLAdjustingImageView.swift in Sources */,
				4B2694ED2B30437400B116BA /* SCLSettingViewController.swift in Sources */,
				4B9996CB2B204CFB00F74D34 /* SLVehicleDevice.swift in Sources */,
				4B72F5D92B45CBF300074E28 /* SLDevice.swift in Sources */,
				4BE1400C2B48271C00606BE6 /* SLAdjustingSensitivityBigHintViewController.swift in Sources */,
				4BC2DFB72B48FA5A00F82972 /* SCLUploadCalibrationDataReq.swift in Sources */,
				4BCEEA952B3D808E003C036A /* SCLPairVerificationReq.swift in Sources */,
				4BCEEA932B3D068D003C036A /* SCLReconnectViewController.swift in Sources */,
				4BCE340A2B34436C00E14D40 /* SCLQRResult.swift in Sources */,
				4B4290E52B386083000EE7AD /* SCLPairViewController.swift in Sources */,
				4BBA6AAD2B4996AF00E207F5 /* SLReceivingFileTableViewCell.swift in Sources */,
				4BBA6A9C2B4988C100E207F5 /* SLBLEBackgroundTask.swift in Sources */,
				4B9996C72B20098E00F74D34 /* SLFreeStyleDevice.swift in Sources */,
				4B14ACA52B3ABC7000FD0F9A /* SCLSocketResponse.swift in Sources */,
				4BDE22E42B31407600D1A50C /* SCLPairGuideViewController.swift in Sources */,
				4BE1400F2B48271C00606BE6 /* SLAdjustingView.swift in Sources */,
				4BE3B94D2B3BF46F00C48A71 /* SCLDBManager.swift in Sources */,
				4B2E00162B394B8D00E2191E /* SCLFileHistoryViewController.swift in Sources */,
				4BE140132B48271C00606BE6 /* SLAdjustingOpenTouchView.swift in Sources */,
				4B4AF9692B391255001C8214 /* SCLFileRecordViewController.swift in Sources */,
				4B23D1EF2B330381008724E5 /* SCLGetAppPromptViewController.swift in Sources */,
				4B9996D32B21AA9800F74D34 /* SLFreeStyleDeviceBuilder.swift in Sources */,
				4B95D89D2B4950470049355C /* SCLSyncAirplayStateResp.swift in Sources */,
				29441C7A2B496931008C99DB /* SLTransferManager.m in Sources */,
				4B4AF96C2B391459001C8214 /* SCLFileRecordCell.swift in Sources */,
				607FACD61AFB9204008FA782 /* AppDelegate.swift in Sources */,
				4B9996D12B21AA5A00F74D34 /* SLVehicleDeviceBuilder.swift in Sources */,
				4BCE34082B3441CB00E14D40 /* SCLUtil.swift in Sources */,
				4B95D86E2B4919560049355C /* SCLSyncCalibrationStateResp.swift in Sources */,
				4B2CA38E2B301DCA00D7F024 /* SCLDeviceViewController.swift in Sources */,
				4B23D1F32B3306D8008724E5 /* SCLRequestPermissionViewController.swift in Sources */,
				4BBA6A9D2B4988C100E207F5 /* SLBackgroundTask.swift in Sources */,
				4B2CA3972B302B5A00D7F024 /* SCLExtension.swift in Sources */,
				4B95D8702B49221E0049355C /* SCLSyncMovePointReq.swift in Sources */,
				4B72F5CB2B45B3EC00074E28 /* SLFileTransferManager.mm in Sources */,
			);
			runOnlyForDeploymentPostprocessing = 0;
		};
		607FACE11AFB9204008FA782 /* Sources */ = {
			isa = PBXSourcesBuildPhase;
			buildActionMask = 2147483647;
			files = (
				607FACEC1AFB9204008FA782 /* Tests.swift in Sources */,
			);
			runOnlyForDeploymentPostprocessing = 0;
		};
/* End PBXSourcesBuildPhase section */

/* Begin PBXTargetDependency section */
		607FACE71AFB9204008FA782 /* PBXTargetDependency */ = {
			isa = PBXTargetDependency;
			target = 607FACCF1AFB9204008FA782 /* SLKit_Example */;
			targetProxy = 607FACE61AFB9204008FA782 /* PBXContainerItemProxy */;
		};
/* End PBXTargetDependency section */

/* Begin PBXVariantGroup section */
		4BE13FFB2B4826AC00606BE6 /* Localizable.strings */ = {
			isa = PBXVariantGroup;
			children = (
				4BE13FFA2B4826AC00606BE6 /* zh-Hans */,
				4BE13FFC2B4826B100606BE6 /* en */,
			);
			name = Localizable.strings;
			sourceTree = "<group>";
		};
		607FACD91AFB9204008FA782 /* Main.storyboard */ = {
			isa = PBXVariantGroup;
			children = (
				607FACDA1AFB9204008FA782 /* Base */,
				4BE13FF52B48262400606BE6 /* zh-Hans */,
			);
			name = Main.storyboard;
			sourceTree = "<group>";
		};
		607FACDE1AFB9204008FA782 /* LaunchScreen.xib */ = {
			isa = PBXVariantGroup;
			children = (
				607FACDF1AFB9204008FA782 /* Base */,
				4BE13FF62B48262400606BE6 /* zh-Hans */,
			);
			name = LaunchScreen.xib;
			sourceTree = "<group>";
		};
/* End PBXVariantGroup section */

/* Begin XCBuildConfiguration section */
		607FACED1AFB9204008FA782 /* Debug */ = {
			isa = XCBuildConfiguration;
			buildSettings = {
				ALWAYS_SEARCH_USER_PATHS = NO;
				CLANG_CXX_LANGUAGE_STANDARD = "gnu++0x";
				CLANG_CXX_LIBRARY = "libc++";
				CLANG_ENABLE_MODULES = YES;
				CLANG_ENABLE_OBJC_ARC = YES;
				CLANG_WARN_BLOCK_CAPTURE_AUTORELEASING = YES;
				CLANG_WARN_BOOL_CONVERSION = YES;
				CLANG_WARN_COMMA = YES;
				CLANG_WARN_CONSTANT_CONVERSION = YES;
				CLANG_WARN_DIRECT_OBJC_ISA_USAGE = YES_ERROR;
				CLANG_WARN_EMPTY_BODY = YES;
				CLANG_WARN_ENUM_CONVERSION = YES;
				CLANG_WARN_INFINITE_RECURSION = YES;
				CLANG_WARN_INT_CONVERSION = YES;
				CLANG_WARN_NON_LITERAL_NULL_CONVERSION = YES;
				CLANG_WARN_OBJC_LITERAL_CONVERSION = YES;
				CLANG_WARN_OBJC_ROOT_CLASS = YES_ERROR;
				CLANG_WARN_RANGE_LOOP_ANALYSIS = YES;
				CLANG_WARN_STRICT_PROTOTYPES = YES;
				CLANG_WARN_SUSPICIOUS_MOVE = YES;
				CLANG_WARN_UNREACHABLE_CODE = YES;
				CLANG_WARN__DUPLICATE_METHOD_MATCH = YES;
				"CODE_SIGN_IDENTITY[sdk=iphoneos*]" = "iPhone Developer";
				COPY_PHASE_STRIP = NO;
				DEBUG_INFORMATION_FORMAT = "dwarf-with-dsym";
				ENABLE_STRICT_OBJC_MSGSEND = YES;
				ENABLE_TESTABILITY = YES;
				GCC_C_LANGUAGE_STANDARD = gnu99;
				GCC_DYNAMIC_NO_PIC = NO;
				GCC_NO_COMMON_BLOCKS = YES;
				GCC_OPTIMIZATION_LEVEL = 0;
				GCC_PREPROCESSOR_DEFINITIONS = (
					"DEBUG=1",
					"$(inherited)",
				);
				GCC_SYMBOLS_PRIVATE_EXTERN = NO;
				GCC_WARN_64_TO_32_BIT_CONVERSION = YES;
				GCC_WARN_ABOUT_RETURN_TYPE = YES_ERROR;
				GCC_WARN_UNDECLARED_SELECTOR = YES;
				GCC_WARN_UNINITIALIZED_AUTOS = YES_AGGRESSIVE;
				GCC_WARN_UNUSED_FUNCTION = YES;
				GCC_WARN_UNUSED_VARIABLE = YES;
				IPHONEOS_DEPLOYMENT_TARGET = 13.0;
				MTL_ENABLE_DEBUG_INFO = YES;
				ONLY_ACTIVE_ARCH = YES;
				SDKROOT = iphoneos;
				SWIFT_OPTIMIZATION_LEVEL = "-Onone";
			};
			name = Debug;
		};
		607FACEE1AFB9204008FA782 /* Release */ = {
			isa = XCBuildConfiguration;
			buildSettings = {
				ALWAYS_SEARCH_USER_PATHS = NO;
				CLANG_CXX_LANGUAGE_STANDARD = "gnu++0x";
				CLANG_CXX_LIBRARY = "libc++";
				CLANG_ENABLE_MODULES = YES;
				CLANG_ENABLE_OBJC_ARC = YES;
				CLANG_WARN_BLOCK_CAPTURE_AUTORELEASING = YES;
				CLANG_WARN_BOOL_CONVERSION = YES;
				CLANG_WARN_COMMA = YES;
				CLANG_WARN_CONSTANT_CONVERSION = YES;
				CLANG_WARN_DIRECT_OBJC_ISA_USAGE = YES_ERROR;
				CLANG_WARN_EMPTY_BODY = YES;
				CLANG_WARN_ENUM_CONVERSION = YES;
				CLANG_WARN_INFINITE_RECURSION = YES;
				CLANG_WARN_INT_CONVERSION = YES;
				CLANG_WARN_NON_LITERAL_NULL_CONVERSION = YES;
				CLANG_WARN_OBJC_LITERAL_CONVERSION = YES;
				CLANG_WARN_OBJC_ROOT_CLASS = YES_ERROR;
				CLANG_WARN_RANGE_LOOP_ANALYSIS = YES;
				CLANG_WARN_STRICT_PROTOTYPES = YES;
				CLANG_WARN_SUSPICIOUS_MOVE = YES;
				CLANG_WARN_UNREACHABLE_CODE = YES;
				CLANG_WARN__DUPLICATE_METHOD_MATCH = YES;
				"CODE_SIGN_IDENTITY[sdk=iphoneos*]" = "iPhone Developer";
				COPY_PHASE_STRIP = NO;
				DEBUG_INFORMATION_FORMAT = "dwarf-with-dsym";
				ENABLE_NS_ASSERTIONS = NO;
				ENABLE_STRICT_OBJC_MSGSEND = YES;
				GCC_C_LANGUAGE_STANDARD = gnu99;
				GCC_NO_COMMON_BLOCKS = YES;
				GCC_WARN_64_TO_32_BIT_CONVERSION = YES;
				GCC_WARN_ABOUT_RETURN_TYPE = YES_ERROR;
				GCC_WARN_UNDECLARED_SELECTOR = YES;
				GCC_WARN_UNINITIALIZED_AUTOS = YES_AGGRESSIVE;
				GCC_WARN_UNUSED_FUNCTION = YES;
				GCC_WARN_UNUSED_VARIABLE = YES;
				IPHONEOS_DEPLOYMENT_TARGET = 13.0;
				MTL_ENABLE_DEBUG_INFO = NO;
				SDKROOT = iphoneos;
				SWIFT_OPTIMIZATION_LEVEL = "-Owholemodule";
				VALIDATE_PRODUCT = YES;
			};
			name = Release;
		};
		607FACF01AFB9204008FA782 /* Debug */ = {
			isa = XCBuildConfiguration;
			baseConfigurationReference = 15B067252E1A253BE7E7AFE1 /* Pods-SLKit_Example.debug.xcconfig */;
			buildSettings = {
				ASSETCATALOG_COMPILER_APPICON_NAME = AppIcon;
				CODE_SIGN_ENTITLEMENTS = "";
				CURRENT_PROJECT_VERSION = 7;
				DEFINES_MODULE = NO;
				DEVELOPMENT_TEAM = 9CYW329KHD;
				INFOPLIST_FILE = SLKit/Info.plist;
				INFOPLIST_KEY_CFBundleDisplayName = "超级互联Lite";
				IPHONEOS_DEPLOYMENT_TARGET = 13.0;
				LD_RUNPATH_SEARCH_PATHS = "$(inherited) @executable_path/Frameworks";
				LIBRARY_SEARCH_PATHS = (
					"$(inherited)",
					"$(PROJECT_DIR)/SLKit/FileTransfer",
				);
				MARKETING_VERSION = 0.0.1;
				MODULE_NAME = ExampleApp;
				PRODUCT_BUNDLE_IDENTIFIER = com.igrs.demo.sclite;
				PRODUCT_NAME = "$(TARGET_NAME)";
				SWIFT_OBJC_BRIDGING_HEADER = "SLKit/SLKit-Bridging-Header.h";
				SWIFT_SWIFT3_OBJC_INFERENCE = Default;
				SWIFT_VERSION = 4.0;
			};
			name = Debug;
		};
		607FACF11AFB9204008FA782 /* Release */ = {
			isa = XCBuildConfiguration;
			baseConfigurationReference = 077DEFF2690EF5300F2D240F /* Pods-SLKit_Example.release.xcconfig */;
			buildSettings = {
				ASSETCATALOG_COMPILER_APPICON_NAME = AppIcon;
				CODE_SIGN_ENTITLEMENTS = "";
				CURRENT_PROJECT_VERSION = 7;
				DEFINES_MODULE = NO;
				DEVELOPMENT_TEAM = 9CYW329KHD;
				INFOPLIST_FILE = SLKit/Info.plist;
				INFOPLIST_KEY_CFBundleDisplayName = "超级互联Lite";
				IPHONEOS_DEPLOYMENT_TARGET = 13.0;
				LD_RUNPATH_SEARCH_PATHS = "$(inherited) @executable_path/Frameworks";
				LIBRARY_SEARCH_PATHS = (
					"$(inherited)",
					"$(PROJECT_DIR)/SLKit/FileTransfer",
				);
				MARKETING_VERSION = 0.0.1;
				MODULE_NAME = ExampleApp;
				PRODUCT_BUNDLE_IDENTIFIER = com.igrs.demo.sclite;
				PRODUCT_NAME = "$(TARGET_NAME)";
				SWIFT_OBJC_BRIDGING_HEADER = "SLKit/SLKit-Bridging-Header.h";
				SWIFT_SWIFT3_OBJC_INFERENCE = Default;
				SWIFT_VERSION = 4.0;
			};
			name = Release;
		};
		607FACF31AFB9204008FA782 /* Debug */ = {
			isa = XCBuildConfiguration;
			baseConfigurationReference = 608124654EE78D1BA80409B2 /* Pods-SLKit_Tests.debug.xcconfig */;
			buildSettings = {
				DEVELOPMENT_TEAM = 9CYW329KHD;
				FRAMEWORK_SEARCH_PATHS = (
					"$(PLATFORM_DIR)/Developer/Library/Frameworks",
					"$(inherited)",
				);
				GCC_PREPROCESSOR_DEFINITIONS = (
					"DEBUG=1",
					"$(inherited)",
				);
				INFOPLIST_FILE = Tests/Info.plist;
				IPHONEOS_DEPLOYMENT_TARGET = 13.0;
				LD_RUNPATH_SEARCH_PATHS = "$(inherited) @executable_path/Frameworks @loader_path/Frameworks";
				PRODUCT_BUNDLE_IDENTIFIER = "org.cocoapods.$(PRODUCT_NAME:rfc1034identifier)";
				PRODUCT_NAME = "$(TARGET_NAME)";
				SWIFT_SWIFT3_OBJC_INFERENCE = Default;
				SWIFT_VERSION = 4.0;
				TEST_HOST = "$(BUILT_PRODUCTS_DIR)/SLKit_Example.app/SLKit_Example";
			};
			name = Debug;
		};
		607FACF41AFB9204008FA782 /* Release */ = {
			isa = XCBuildConfiguration;
			baseConfigurationReference = 540536ACE968C6C213F41F95 /* Pods-SLKit_Tests.release.xcconfig */;
			buildSettings = {
				DEVELOPMENT_TEAM = 9CYW329KHD;
				FRAMEWORK_SEARCH_PATHS = (
					"$(PLATFORM_DIR)/Developer/Library/Frameworks",
					"$(inherited)",
				);
				INFOPLIST_FILE = Tests/Info.plist;
				IPHONEOS_DEPLOYMENT_TARGET = 13.0;
				LD_RUNPATH_SEARCH_PATHS = "$(inherited) @executable_path/Frameworks @loader_path/Frameworks";
				PRODUCT_BUNDLE_IDENTIFIER = "org.cocoapods.$(PRODUCT_NAME:rfc1034identifier)";
				PRODUCT_NAME = "$(TARGET_NAME)";
				SWIFT_SWIFT3_OBJC_INFERENCE = Default;
				SWIFT_VERSION = 4.0;
				TEST_HOST = "$(BUILT_PRODUCTS_DIR)/SLKit_Example.app/SLKit_Example";
			};
			name = Release;
		};
/* End XCBuildConfiguration section */

/* Begin XCConfigurationList section */
		607FACCB1AFB9204008FA782 /* Build configuration list for PBXProject "SLKit" */ = {
			isa = XCConfigurationList;
			buildConfigurations = (
				607FACED1AFB9204008FA782 /* Debug */,
				607FACEE1AFB9204008FA782 /* Release */,
			);
			defaultConfigurationIsVisible = 0;
			defaultConfigurationName = Release;
		};
		607FACEF1AFB9204008FA782 /* Build configuration list for PBXNativeTarget "SLKit_Example" */ = {
			isa = XCConfigurationList;
			buildConfigurations = (
				607FACF01AFB9204008FA782 /* Debug */,
				607FACF11AFB9204008FA782 /* Release */,
			);
			defaultConfigurationIsVisible = 0;
			defaultConfigurationName = Release;
		};
		607FACF21AFB9204008FA782 /* Build configuration list for PBXNativeTarget "SLKit_Tests" */ = {
			isa = XCConfigurationList;
			buildConfigurations = (
				607FACF31AFB9204008FA782 /* Debug */,
				607FACF41AFB9204008FA782 /* Release */,
			);
			defaultConfigurationIsVisible = 0;
			defaultConfigurationName = Release;
		};
/* End XCConfigurationList section */
	};
	rootObject = 607FACC81AFB9204008FA782 /* Project object */;
}
